// !$*UTF8*$!
{
	archiveVersion = 1;
	classes = {
	};
	objectVersion = 46;
	objects = {

/* Begin PBXBuildFile section */
		46A715C819A8C4D500A9FCD4 /* AccountParameters.m in Sources */ = {isa = PBXBuildFile; fileRef = 46A715C719A8C4D500A9FCD4 /* AccountParameters.m */; };
		46A715CB19A8C55100A9FCD4 /* PogoplugParameters.m in Sources */ = {isa = PBXBuildFile; fileRef = 46A715CA19A8C55100A9FCD4 /* PogoplugParameters.m */; };
		46B5424619D96BE000ECBAAA /* BackupCounterView.m in Sources */ = {isa = PBXBuildFile; fileRef = 46B5424519D96BE000ECBAAA /* BackupCounterView.m */; };
		46B5424919D9AF7C00ECBAAA /* HorizontalTableView.m in Sources */ = {isa = PBXBuildFile; fileRef = 46B5424819D9AF7C00ECBAAA /* HorizontalTableView.m */; };
		46BB54E919CD970000EF43F9 /* BackupLogo.png in Resources */ = {isa = PBXBuildFile; fileRef = 46BB54E519CD970000EF43F9 /* BackupLogo.png */; };
		46BB54EA19CD970000EF43F9 /* BackupLogo@2x.png in Resources */ = {isa = PBXBuildFile; fileRef = 46BB54E619CD970000EF43F9 /* BackupLogo@2x.png */; };
		46BB54EB19CD970000EF43F9 /* BackupLogoView.m in Sources */ = {isa = PBXBuildFile; fileRef = 46BB54E819CD970000EF43F9 /* BackupLogoView.m */; };
		46FD218C19C4149100DB34A8 /* NavigationController.m in Sources */ = {isa = PBXBuildFile; fileRef = 46FD218B19C4149100DB34A8 /* NavigationController.m */; };
		46FD219319C4301900DB34A8 /* Storyboard.storyboard in Resources */ = {isa = PBXBuildFile; fileRef = 46FD219219C4301900DB34A8 /* Storyboard.storyboard */; };
		46FD21A419C4342000DB34A8 /* FilesViewController.m in Sources */ = {isa = PBXBuildFile; fileRef = 46FD219E19C4342000DB34A8 /* FilesViewController.m */; };
		46FD21A519C4342000DB34A8 /* TabBarController.m in Sources */ = {isa = PBXBuildFile; fileRef = 46FD21A019C4342000DB34A8 /* TabBarController.m */; };
		46FD21A619C4342000DB34A8 /* BackupViewController.m in Sources */ = {isa = PBXBuildFile; fileRef = 46FD21A319C4342000DB34A8 /* BackupViewController.m */; };
		46FD21AA19C4374300DB34A8 /* BackupViewController.m in Sources */ = {isa = PBXBuildFile; fileRef = 46FD21A319C4342000DB34A8 /* BackupViewController.m */; };
		46FD21AC19C4374300DB34A8 /* FilesViewController.m in Sources */ = {isa = PBXBuildFile; fileRef = 46FD219E19C4342000DB34A8 /* FilesViewController.m */; };
		46FD21AD19C4374300DB34A8 /* TabBarController.m in Sources */ = {isa = PBXBuildFile; fileRef = 46FD21A019C4342000DB34A8 /* TabBarController.m */; };
		46FD21CB19C470DB00DB34A8 /* SkinScheme.m in Sources */ = {isa = PBXBuildFile; fileRef = 46FD21CA19C470DB00DB34A8 /* SkinScheme.m */; };
		ABF664615B4E472EB203EEEE /* libPods.a in Frameworks */ = {isa = PBXBuildFile; fileRef = 37988E49F4D940339135B730 /* libPods.a */; };
		EE0036AE198F63720002628D /* NSManagedObjectContext+Utils.m in Sources */ = {isa = PBXBuildFile; fileRef = EE0036AD198F63720002628D /* NSManagedObjectContext+Utils.m */; };
		EE0036B1198F64E00002628D /* NSURL+Utils.m in Sources */ = {isa = PBXBuildFile; fileRef = EE0036B0198F64E00002628D /* NSURL+Utils.m */; };
		EE0036B4198F652D0002628D /* NSDate+Pogoplug.m in Sources */ = {isa = PBXBuildFile; fileRef = EE0036B3198F652D0002628D /* NSDate+Pogoplug.m */; };
		EE0036B7198F659F0002628D /* NSError+HTTP.m in Sources */ = {isa = PBXBuildFile; fileRef = EE0036B6198F659F0002628D /* NSError+HTTP.m */; };
		EE0036BA198F68930002628D /* NSBundle+Utils.m in Sources */ = {isa = PBXBuildFile; fileRef = EE0036B9198F68930002628D /* NSBundle+Utils.m */; };
		EE0036CA19936C9D0002628D /* Backup.xcdatamodeld in Sources */ = {isa = PBXBuildFile; fileRef = EE0036C819936C9D0002628D /* Backup.xcdatamodeld */; };
		EE0036CD19936CB50002628D /* BackupDatabase.m in Sources */ = {isa = PBXBuildFile; fileRef = EE0036CC19936CB50002628D /* BackupDatabase.m */; };
		EE0036D319936D1F0002628D /* BackupService.m in Sources */ = {isa = PBXBuildFile; fileRef = EE0036D219936D1F0002628D /* BackupService.m */; };
		EE0036D6199372150002628D /* BackupFile.m in Sources */ = {isa = PBXBuildFile; fileRef = EE0036D5199372150002628D /* BackupFile.m */; };
		EE0036DB1993731D0002628D /* Database.m in Sources */ = {isa = PBXBuildFile; fileRef = EE0036D81993731D0002628D /* Database.m */; };
		EE0036DF1993766C0002628D /* Browsing.xcdatamodeld in Sources */ = {isa = PBXBuildFile; fileRef = EE0036DD1993766C0002628D /* Browsing.xcdatamodeld */; };
		EE0036E21993767D0002628D /* BrowsingDatabase.m in Sources */ = {isa = PBXBuildFile; fileRef = EE0036E11993767D0002628D /* BrowsingDatabase.m */; };
		EE0036E5199376900002628D /* BrowsingService.m in Sources */ = {isa = PBXBuildFile; fileRef = EE0036E4199376900002628D /* BrowsingService.m */; };
		EE0FDB5C19D7F4AF0018F221 /* BackupButtonView.m in Sources */ = {isa = PBXBuildFile; fileRef = EE0FDB5819D7F4AF0018F221 /* BackupButtonView.m */; };
		EE58989819AB23520093C7C0 /* Core.m in Sources */ = {isa = PBXBuildFile; fileRef = EE58989019AB23520093C7C0 /* Core.m */; };
		EE58989919AB23520093C7C0 /* Error.m in Sources */ = {isa = PBXBuildFile; fileRef = EE58989219AB23520093C7C0 /* Error.m */; };
		EE58989A19AB23520093C7C0 /* File.m in Sources */ = {isa = PBXBuildFile; fileRef = EE58989419AB23520093C7C0 /* File.m */; };
		EE58989B19AB23520093C7C0 /* Operation.m in Sources */ = {isa = PBXBuildFile; fileRef = EE58989619AB23520093C7C0 /* Operation.m */; };
		EE724FBD19B58437005D4F14 /* AccountResponse.m in Sources */ = {isa = PBXBuildFile; fileRef = EE724FBC19B58437005D4F14 /* AccountResponse.m */; };
		EE724FC219B95C21005D4F14 /* DictionaryReader.m in Sources */ = {isa = PBXBuildFile; fileRef = EE724FC119B95C21005D4F14 /* DictionaryReader.m */; };
		EEB54FE119862C0200F8A614 /* Foundation.framework in Frameworks */ = {isa = PBXBuildFile; fileRef = EEB54FE019862C0200F8A614 /* Foundation.framework */; };
		EEB54FE319862C0200F8A614 /* CoreGraphics.framework in Frameworks */ = {isa = PBXBuildFile; fileRef = EEB54FE219862C0200F8A614 /* CoreGraphics.framework */; };
		EEB54FE519862C0200F8A614 /* UIKit.framework in Frameworks */ = {isa = PBXBuildFile; fileRef = EEB54FE419862C0200F8A614 /* UIKit.framework */; };
		EEB54FE719862C0200F8A614 /* CoreData.framework in Frameworks */ = {isa = PBXBuildFile; fileRef = EEB54FE619862C0200F8A614 /* CoreData.framework */; };
		EEB54FED19862C0200F8A614 /* InfoPlist.strings in Resources */ = {isa = PBXBuildFile; fileRef = EEB54FEB19862C0200F8A614 /* InfoPlist.strings */; };
		EEB54FEF19862C0200F8A614 /* main.m in Sources */ = {isa = PBXBuildFile; fileRef = EEB54FEE19862C0200F8A614 /* main.m */; };
		EEB54FF319862C0200F8A614 /* AppDelegate.m in Sources */ = {isa = PBXBuildFile; fileRef = EEB54FF219862C0200F8A614 /* AppDelegate.m */; };
		EEB5500119862C0200F8A614 /* Images.xcassets in Resources */ = {isa = PBXBuildFile; fileRef = EEB5500019862C0200F8A614 /* Images.xcassets */; };
		EEB5500819862C0200F8A614 /* XCTest.framework in Frameworks */ = {isa = PBXBuildFile; fileRef = EEB5500719862C0200F8A614 /* XCTest.framework */; };
		EEB5500919862C0200F8A614 /* Foundation.framework in Frameworks */ = {isa = PBXBuildFile; fileRef = EEB54FE019862C0200F8A614 /* Foundation.framework */; };
		EEB5500A19862C0200F8A614 /* UIKit.framework in Frameworks */ = {isa = PBXBuildFile; fileRef = EEB54FE419862C0200F8A614 /* UIKit.framework */; };
		EEB5500B19862C0200F8A614 /* CoreData.framework in Frameworks */ = {isa = PBXBuildFile; fileRef = EEB54FE619862C0200F8A614 /* CoreData.framework */; };
		EEB5501319862C0200F8A614 /* InfoPlist.strings in Resources */ = {isa = PBXBuildFile; fileRef = EEB5501119862C0200F8A614 /* InfoPlist.strings */; };
		EEB5501519862C0200F8A614 /* NewCoreTests.m in Sources */ = {isa = PBXBuildFile; fileRef = EEB5501419862C0200F8A614 /* NewCoreTests.m */; };
		EEB550901986448300F8A614 /* PogoplugResponse.m in Sources */ = {isa = PBXBuildFile; fileRef = EEB5508B1986448300F8A614 /* PogoplugResponse.m */; };
		EEB550911986448300F8A614 /* File+Pogoplug.m in Sources */ = {isa = PBXBuildFile; fileRef = EEB5508D1986448300F8A614 /* File+Pogoplug.m */; };
		EEB550E1198649E000F8A614 /* MKAnnotationView+WebCache.m in Sources */ = {isa = PBXBuildFile; fileRef = EEB550AC198649E000F8A614 /* MKAnnotationView+WebCache.m */; };
		EEB550E2198649E000F8A614 /* NSData+ImageContentType.m in Sources */ = {isa = PBXBuildFile; fileRef = EEB550AE198649E000F8A614 /* NSData+ImageContentType.m */; };
		EEB550E3198649E000F8A614 /* SDImageCache.m in Sources */ = {isa = PBXBuildFile; fileRef = EEB550B0198649E000F8A614 /* SDImageCache.m */; };
		EEB550E4198649E000F8A614 /* SDWebImageCompat.m in Sources */ = {isa = PBXBuildFile; fileRef = EEB550B2198649E000F8A614 /* SDWebImageCompat.m */; };
		EEB550E5198649E000F8A614 /* SDWebImageDecoder.m in Sources */ = {isa = PBXBuildFile; fileRef = EEB550B4198649E000F8A614 /* SDWebImageDecoder.m */; };
		EEB550E6198649E000F8A614 /* SDWebImageDownloader.m in Sources */ = {isa = PBXBuildFile; fileRef = EEB550B6198649E000F8A614 /* SDWebImageDownloader.m */; };
		EEB550E7198649E000F8A614 /* SDWebImageDownloaderOperation.m in Sources */ = {isa = PBXBuildFile; fileRef = EEB550B8198649E000F8A614 /* SDWebImageDownloaderOperation.m */; };
		EEB550E8198649E000F8A614 /* SDWebImageManager.m in Sources */ = {isa = PBXBuildFile; fileRef = EEB550BA198649E000F8A614 /* SDWebImageManager.m */; };
		EEB550E9198649E000F8A614 /* SDWebImagePrefetcher.m in Sources */ = {isa = PBXBuildFile; fileRef = EEB550BD198649E000F8A614 /* SDWebImagePrefetcher.m */; };
		EEB550EA198649E000F8A614 /* UIButton+WebCache.m in Sources */ = {isa = PBXBuildFile; fileRef = EEB550BF198649E000F8A614 /* UIButton+WebCache.m */; };
		EEB550EB198649E000F8A614 /* UIImage+GIF.m in Sources */ = {isa = PBXBuildFile; fileRef = EEB550C1198649E000F8A614 /* UIImage+GIF.m */; };
		EEB550EC198649E000F8A614 /* UIImage+MultiFormat.m in Sources */ = {isa = PBXBuildFile; fileRef = EEB550C3198649E000F8A614 /* UIImage+MultiFormat.m */; };
		EEB550ED198649E000F8A614 /* UIImage+WebP.m in Sources */ = {isa = PBXBuildFile; fileRef = EEB550C5198649E000F8A614 /* UIImage+WebP.m */; };
		EEB550EE198649E000F8A614 /* UIImageView+WebCache.m in Sources */ = {isa = PBXBuildFile; fileRef = EEB550C7198649E000F8A614 /* UIImageView+WebCache.m */; };
		EEB55116198B706F00F8A614 /* AccountAPI.m in Sources */ = {isa = PBXBuildFile; fileRef = EEB55115198B706F00F8A614 /* AccountAPI.m */; };
		EEB55118198B71E100F8A614 /* AccountNetwork.m in Sources */ = {isa = PBXBuildFile; fileRef = EEB55117198B71E100F8A614 /* AccountNetwork.m */; };
		EEB5511A198B737F00F8A614 /* PogoplugAPI.m in Sources */ = {isa = PBXBuildFile; fileRef = EEB55119198B737F00F8A614 /* PogoplugAPI.m */; };
		EEB5511C198B73FC00F8A614 /* PogoplugNetwork.m in Sources */ = {isa = PBXBuildFile; fileRef = EEB5511B198B73FC00F8A614 /* PogoplugNetwork.m */; };
		EED85C5719C6C9330031FB89 /* UIColor+Skin.m in Sources */ = {isa = PBXBuildFile; fileRef = EED85C5619C6C9330031FB89 /* UIColor+Skin.m */; };
/* End PBXBuildFile section */

/* Begin PBXContainerItemProxy section */
		EEB5500C19862C0200F8A614 /* PBXContainerItemProxy */ = {
			isa = PBXContainerItemProxy;
			containerPortal = EEB54FD519862C0200F8A614 /* Project object */;
			proxyType = 1;
			remoteGlobalIDString = EEB54FDC19862C0200F8A614;
			remoteInfo = NewCore;
		};
/* End PBXContainerItemProxy section */

/* Begin PBXFileReference section */
		37988E49F4D940339135B730 /* libPods.a */ = {isa = PBXFileReference; explicitFileType = archive.ar; includeInIndex = 0; path = libPods.a; sourceTree = BUILT_PRODUCTS_DIR; };
		46A715C619A8C4D500A9FCD4 /* AccountParameters.h */ = {isa = PBXFileReference; fileEncoding = 4; lastKnownFileType = sourcecode.c.h; path = AccountParameters.h; sourceTree = "<group>"; };
		46A715C719A8C4D500A9FCD4 /* AccountParameters.m */ = {isa = PBXFileReference; fileEncoding = 4; lastKnownFileType = sourcecode.c.objc; path = AccountParameters.m; sourceTree = "<group>"; };
		46A715C919A8C55100A9FCD4 /* PogoplugParameters.h */ = {isa = PBXFileReference; fileEncoding = 4; lastKnownFileType = sourcecode.c.h; path = PogoplugParameters.h; sourceTree = "<group>"; };
		46A715CA19A8C55100A9FCD4 /* PogoplugParameters.m */ = {isa = PBXFileReference; fileEncoding = 4; lastKnownFileType = sourcecode.c.objc; path = PogoplugParameters.m; sourceTree = "<group>"; };
		46A715CF19A8C7CC00A9FCD4 /* Cancellable.h */ = {isa = PBXFileReference; lastKnownFileType = sourcecode.c.h; path = Cancellable.h; sourceTree = "<group>"; };
		46B5424419D96BE000ECBAAA /* BackupCounterView.h */ = {isa = PBXFileReference; fileEncoding = 4; lastKnownFileType = sourcecode.c.h; path = BackupCounterView.h; sourceTree = "<group>"; };
		46B5424519D96BE000ECBAAA /* BackupCounterView.m */ = {isa = PBXFileReference; fileEncoding = 4; lastKnownFileType = sourcecode.c.objc; path = BackupCounterView.m; sourceTree = "<group>"; };
		46B5424719D9AF7B00ECBAAA /* HorizontalTableView.h */ = {isa = PBXFileReference; fileEncoding = 4; lastKnownFileType = sourcecode.c.h; path = HorizontalTableView.h; sourceTree = "<group>"; };
		46B5424819D9AF7C00ECBAAA /* HorizontalTableView.m */ = {isa = PBXFileReference; fileEncoding = 4; lastKnownFileType = sourcecode.c.objc; path = HorizontalTableView.m; sourceTree = "<group>"; };
		46BB54E519CD970000EF43F9 /* BackupLogo.png */ = {isa = PBXFileReference; lastKnownFileType = image.png; path = BackupLogo.png; sourceTree = "<group>"; };
		46BB54E619CD970000EF43F9 /* BackupLogo@2x.png */ = {isa = PBXFileReference; lastKnownFileType = image.png; path = "BackupLogo@2x.png"; sourceTree = "<group>"; };
		46BB54E719CD970000EF43F9 /* BackupLogoView.h */ = {isa = PBXFileReference; fileEncoding = 4; lastKnownFileType = sourcecode.c.h; path = BackupLogoView.h; sourceTree = "<group>"; };
		46BB54E819CD970000EF43F9 /* BackupLogoView.m */ = {isa = PBXFileReference; fileEncoding = 4; lastKnownFileType = sourcecode.c.objc; path = BackupLogoView.m; sourceTree = "<group>"; };
		46FD218A19C4149100DB34A8 /* NavigationController.h */ = {isa = PBXFileReference; fileEncoding = 4; lastKnownFileType = sourcecode.c.h; path = NavigationController.h; sourceTree = "<group>"; };
		46FD218B19C4149100DB34A8 /* NavigationController.m */ = {isa = PBXFileReference; fileEncoding = 4; lastKnownFileType = sourcecode.c.objc; path = NavigationController.m; sourceTree = "<group>"; };
		46FD219219C4301900DB34A8 /* Storyboard.storyboard */ = {isa = PBXFileReference; fileEncoding = 4; lastKnownFileType = file.storyboard; path = Storyboard.storyboard; sourceTree = "<group>"; };
		46FD219D19C4342000DB34A8 /* FilesViewController.h */ = {isa = PBXFileReference; fileEncoding = 4; lastKnownFileType = sourcecode.c.h; path = FilesViewController.h; sourceTree = "<group>"; };
		46FD219E19C4342000DB34A8 /* FilesViewController.m */ = {isa = PBXFileReference; fileEncoding = 4; lastKnownFileType = sourcecode.c.objc; path = FilesViewController.m; sourceTree = "<group>"; };
		46FD219F19C4342000DB34A8 /* TabBarController.h */ = {isa = PBXFileReference; fileEncoding = 4; lastKnownFileType = sourcecode.c.h; path = TabBarController.h; sourceTree = "<group>"; };
		46FD21A019C4342000DB34A8 /* TabBarController.m */ = {isa = PBXFileReference; fileEncoding = 4; lastKnownFileType = sourcecode.c.objc; path = TabBarController.m; sourceTree = "<group>"; };
		46FD21A219C4342000DB34A8 /* BackupViewController.h */ = {isa = PBXFileReference; fileEncoding = 4; lastKnownFileType = sourcecode.c.h; path = BackupViewController.h; sourceTree = "<group>"; };
		46FD21A319C4342000DB34A8 /* BackupViewController.m */ = {isa = PBXFileReference; fileEncoding = 4; lastKnownFileType = sourcecode.c.objc; path = BackupViewController.m; sourceTree = "<group>"; };
		46FD21C619C46CCC00DB34A8 /* Common.h */ = {isa = PBXFileReference; fileEncoding = 4; lastKnownFileType = sourcecode.c.h; path = Common.h; sourceTree = "<group>"; };
		46FD21C919C470DB00DB34A8 /* SkinScheme.h */ = {isa = PBXFileReference; fileEncoding = 4; lastKnownFileType = sourcecode.c.h; path = SkinScheme.h; sourceTree = "<group>"; };
		46FD21CA19C470DB00DB34A8 /* SkinScheme.m */ = {isa = PBXFileReference; fileEncoding = 4; lastKnownFileType = sourcecode.c.objc; path = SkinScheme.m; sourceTree = "<group>"; };
		EE0036A9198F635E0002628D /* Utils.h */ = {isa = PBXFileReference; fileEncoding = 4; lastKnownFileType = sourcecode.c.h; path = Utils.h; sourceTree = "<group>"; };
		EE0036AC198F63720002628D /* NSManagedObjectContext+Utils.h */ = {isa = PBXFileReference; fileEncoding = 4; lastKnownFileType = sourcecode.c.h; path = "NSManagedObjectContext+Utils.h"; sourceTree = "<group>"; };
		EE0036AD198F63720002628D /* NSManagedObjectContext+Utils.m */ = {isa = PBXFileReference; fileEncoding = 4; lastKnownFileType = sourcecode.c.objc; path = "NSManagedObjectContext+Utils.m"; sourceTree = "<group>"; };
		EE0036AF198F64E00002628D /* NSURL+Utils.h */ = {isa = PBXFileReference; fileEncoding = 4; lastKnownFileType = sourcecode.c.h; path = "NSURL+Utils.h"; sourceTree = "<group>"; };
		EE0036B0198F64E00002628D /* NSURL+Utils.m */ = {isa = PBXFileReference; fileEncoding = 4; lastKnownFileType = sourcecode.c.objc; path = "NSURL+Utils.m"; sourceTree = "<group>"; };
		EE0036B2198F652D0002628D /* NSDate+Pogoplug.h */ = {isa = PBXFileReference; fileEncoding = 4; lastKnownFileType = sourcecode.c.h; path = "NSDate+Pogoplug.h"; sourceTree = "<group>"; };
		EE0036B3198F652D0002628D /* NSDate+Pogoplug.m */ = {isa = PBXFileReference; fileEncoding = 4; lastKnownFileType = sourcecode.c.objc; path = "NSDate+Pogoplug.m"; sourceTree = "<group>"; };
		EE0036B5198F659F0002628D /* NSError+HTTP.h */ = {isa = PBXFileReference; fileEncoding = 4; lastKnownFileType = sourcecode.c.h; path = "NSError+HTTP.h"; sourceTree = "<group>"; };
		EE0036B6198F659F0002628D /* NSError+HTTP.m */ = {isa = PBXFileReference; fileEncoding = 4; lastKnownFileType = sourcecode.c.objc; path = "NSError+HTTP.m"; sourceTree = "<group>"; };
		EE0036B8198F68930002628D /* NSBundle+Utils.h */ = {isa = PBXFileReference; fileEncoding = 4; lastKnownFileType = sourcecode.c.h; path = "NSBundle+Utils.h"; sourceTree = "<group>"; };
		EE0036B9198F68930002628D /* NSBundle+Utils.m */ = {isa = PBXFileReference; fileEncoding = 4; lastKnownFileType = sourcecode.c.objc; path = "NSBundle+Utils.m"; sourceTree = "<group>"; };
		EE0036C919936C9D0002628D /* Backup.xcdatamodel */ = {isa = PBXFileReference; lastKnownFileType = wrapper.xcdatamodel; path = Backup.xcdatamodel; sourceTree = "<group>"; };
		EE0036CB19936CB50002628D /* BackupDatabase.h */ = {isa = PBXFileReference; fileEncoding = 4; lastKnownFileType = sourcecode.c.h; path = BackupDatabase.h; sourceTree = "<group>"; };
		EE0036CC19936CB50002628D /* BackupDatabase.m */ = {isa = PBXFileReference; fileEncoding = 4; lastKnownFileType = sourcecode.c.objc; path = BackupDatabase.m; sourceTree = "<group>"; };
		EE0036D119936D1F0002628D /* BackupService.h */ = {isa = PBXFileReference; fileEncoding = 4; lastKnownFileType = sourcecode.c.h; path = BackupService.h; sourceTree = "<group>"; };
		EE0036D219936D1F0002628D /* BackupService.m */ = {isa = PBXFileReference; fileEncoding = 4; lastKnownFileType = sourcecode.c.objc; path = BackupService.m; sourceTree = "<group>"; };
		EE0036D4199372150002628D /* BackupFile.h */ = {isa = PBXFileReference; fileEncoding = 4; lastKnownFileType = sourcecode.c.h; path = BackupFile.h; sourceTree = "<group>"; };
		EE0036D5199372150002628D /* BackupFile.m */ = {isa = PBXFileReference; fileEncoding = 4; lastKnownFileType = sourcecode.c.objc; path = BackupFile.m; sourceTree = "<group>"; };
		EE0036D71993731D0002628D /* Database.h */ = {isa = PBXFileReference; fileEncoding = 4; lastKnownFileType = sourcecode.c.h; path = Database.h; sourceTree = "<group>"; };
		EE0036D81993731D0002628D /* Database.m */ = {isa = PBXFileReference; fileEncoding = 4; lastKnownFileType = sourcecode.c.objc; path = Database.m; sourceTree = "<group>"; };
		EE0036DE1993766C0002628D /* Browsing.xcdatamodel */ = {isa = PBXFileReference; lastKnownFileType = wrapper.xcdatamodel; path = Browsing.xcdatamodel; sourceTree = "<group>"; };
		EE0036E01993767D0002628D /* BrowsingDatabase.h */ = {isa = PBXFileReference; fileEncoding = 4; lastKnownFileType = sourcecode.c.h; path = BrowsingDatabase.h; sourceTree = "<group>"; };
		EE0036E11993767D0002628D /* BrowsingDatabase.m */ = {isa = PBXFileReference; fileEncoding = 4; lastKnownFileType = sourcecode.c.objc; path = BrowsingDatabase.m; sourceTree = "<group>"; };
		EE0036E3199376900002628D /* BrowsingService.h */ = {isa = PBXFileReference; fileEncoding = 4; lastKnownFileType = sourcecode.c.h; path = BrowsingService.h; sourceTree = "<group>"; };
		EE0036E4199376900002628D /* BrowsingService.m */ = {isa = PBXFileReference; fileEncoding = 4; lastKnownFileType = sourcecode.c.objc; path = BrowsingService.m; sourceTree = "<group>"; };
		EE0FDB5719D7F4AF0018F221 /* BackupButtonView.h */ = {isa = PBXFileReference; fileEncoding = 4; lastKnownFileType = sourcecode.c.h; path = BackupButtonView.h; sourceTree = "<group>"; };
		EE0FDB5819D7F4AF0018F221 /* BackupButtonView.m */ = {isa = PBXFileReference; fileEncoding = 4; lastKnownFileType = sourcecode.c.objc; path = BackupButtonView.m; sourceTree = "<group>"; };
		EE58988F19AB23520093C7C0 /* Core.h */ = {isa = PBXFileReference; fileEncoding = 4; lastKnownFileType = sourcecode.c.h; path = Core.h; sourceTree = "<group>"; };
		EE58989019AB23520093C7C0 /* Core.m */ = {isa = PBXFileReference; fileEncoding = 4; lastKnownFileType = sourcecode.c.objc; path = Core.m; sourceTree = "<group>"; };
		EE58989119AB23520093C7C0 /* Error.h */ = {isa = PBXFileReference; fileEncoding = 4; lastKnownFileType = sourcecode.c.h; path = Error.h; sourceTree = "<group>"; };
		EE58989219AB23520093C7C0 /* Error.m */ = {isa = PBXFileReference; fileEncoding = 4; lastKnownFileType = sourcecode.c.objc; path = Error.m; sourceTree = "<group>"; };
		EE58989319AB23520093C7C0 /* File.h */ = {isa = PBXFileReference; fileEncoding = 4; lastKnownFileType = sourcecode.c.h; path = File.h; sourceTree = "<group>"; };
		EE58989419AB23520093C7C0 /* File.m */ = {isa = PBXFileReference; fileEncoding = 4; lastKnownFileType = sourcecode.c.objc; path = File.m; sourceTree = "<group>"; };
		EE58989519AB23520093C7C0 /* Operation.h */ = {isa = PBXFileReference; fileEncoding = 4; lastKnownFileType = sourcecode.c.h; path = Operation.h; sourceTree = "<group>"; };
		EE58989619AB23520093C7C0 /* Operation.m */ = {isa = PBXFileReference; fileEncoding = 4; lastKnownFileType = sourcecode.c.objc; path = Operation.m; sourceTree = "<group>"; };
		EE58989719AB23520093C7C0 /* Types.h */ = {isa = PBXFileReference; fileEncoding = 4; lastKnownFileType = sourcecode.c.h; path = Types.h; sourceTree = "<group>"; };
		EE724FBB19B58437005D4F14 /* AccountResponse.h */ = {isa = PBXFileReference; fileEncoding = 4; lastKnownFileType = sourcecode.c.h; path = AccountResponse.h; sourceTree = "<group>"; };
		EE724FBC19B58437005D4F14 /* AccountResponse.m */ = {isa = PBXFileReference; fileEncoding = 4; lastKnownFileType = sourcecode.c.objc; path = AccountResponse.m; sourceTree = "<group>"; };
		EE724FC019B95C21005D4F14 /* DictionaryReader.h */ = {isa = PBXFileReference; fileEncoding = 4; lastKnownFileType = sourcecode.c.h; path = DictionaryReader.h; sourceTree = "<group>"; };
		EE724FC119B95C21005D4F14 /* DictionaryReader.m */ = {isa = PBXFileReference; fileEncoding = 4; lastKnownFileType = sourcecode.c.objc; path = DictionaryReader.m; sourceTree = "<group>"; };
		EEB54FDD19862C0200F8A614 /* NewCore.app */ = {isa = PBXFileReference; explicitFileType = wrapper.application; includeInIndex = 0; path = NewCore.app; sourceTree = BUILT_PRODUCTS_DIR; };
		EEB54FE019862C0200F8A614 /* Foundation.framework */ = {isa = PBXFileReference; lastKnownFileType = wrapper.framework; name = Foundation.framework; path = System/Library/Frameworks/Foundation.framework; sourceTree = SDKROOT; };
		EEB54FE219862C0200F8A614 /* CoreGraphics.framework */ = {isa = PBXFileReference; lastKnownFileType = wrapper.framework; name = CoreGraphics.framework; path = System/Library/Frameworks/CoreGraphics.framework; sourceTree = SDKROOT; };
		EEB54FE419862C0200F8A614 /* UIKit.framework */ = {isa = PBXFileReference; lastKnownFileType = wrapper.framework; name = UIKit.framework; path = System/Library/Frameworks/UIKit.framework; sourceTree = SDKROOT; };
		EEB54FE619862C0200F8A614 /* CoreData.framework */ = {isa = PBXFileReference; lastKnownFileType = wrapper.framework; name = CoreData.framework; path = System/Library/Frameworks/CoreData.framework; sourceTree = SDKROOT; };
		EEB54FEA19862C0200F8A614 /* NewCore-Info.plist */ = {isa = PBXFileReference; lastKnownFileType = text.plist.xml; path = "NewCore-Info.plist"; sourceTree = "<group>"; };
		EEB54FEC19862C0200F8A614 /* en */ = {isa = PBXFileReference; lastKnownFileType = text.plist.strings; name = en; path = en.lproj/InfoPlist.strings; sourceTree = "<group>"; };
		EEB54FEE19862C0200F8A614 /* main.m */ = {isa = PBXFileReference; lastKnownFileType = sourcecode.c.objc; path = main.m; sourceTree = "<group>"; };
		EEB54FF019862C0200F8A614 /* NewCore-Prefix.pch */ = {isa = PBXFileReference; lastKnownFileType = sourcecode.c.h; path = "NewCore-Prefix.pch"; sourceTree = "<group>"; };
		EEB54FF119862C0200F8A614 /* AppDelegate.h */ = {isa = PBXFileReference; lastKnownFileType = sourcecode.c.h; path = AppDelegate.h; sourceTree = "<group>"; };
		EEB54FF219862C0200F8A614 /* AppDelegate.m */ = {isa = PBXFileReference; lastKnownFileType = sourcecode.c.objc; path = AppDelegate.m; sourceTree = "<group>"; };
		EEB5500019862C0200F8A614 /* Images.xcassets */ = {isa = PBXFileReference; lastKnownFileType = folder.assetcatalog; path = Images.xcassets; sourceTree = "<group>"; };
		EEB5500619862C0200F8A614 /* NewCoreTests.xctest */ = {isa = PBXFileReference; explicitFileType = wrapper.cfbundle; includeInIndex = 0; path = NewCoreTests.xctest; sourceTree = BUILT_PRODUCTS_DIR; };
		EEB5500719862C0200F8A614 /* XCTest.framework */ = {isa = PBXFileReference; lastKnownFileType = wrapper.framework; name = XCTest.framework; path = Library/Frameworks/XCTest.framework; sourceTree = DEVELOPER_DIR; };
		EEB5501019862C0200F8A614 /* NewCoreTests-Info.plist */ = {isa = PBXFileReference; lastKnownFileType = text.plist.xml; path = "NewCoreTests-Info.plist"; sourceTree = "<group>"; };
		EEB5501219862C0200F8A614 /* en */ = {isa = PBXFileReference; lastKnownFileType = text.plist.strings; name = en; path = en.lproj/InfoPlist.strings; sourceTree = "<group>"; };
		EEB5501419862C0200F8A614 /* NewCoreTests.m */ = {isa = PBXFileReference; lastKnownFileType = sourcecode.c.objc; path = NewCoreTests.m; sourceTree = "<group>"; };
		EEB5508A1986448300F8A614 /* PogoplugResponse.h */ = {isa = PBXFileReference; fileEncoding = 4; lastKnownFileType = sourcecode.c.h; path = PogoplugResponse.h; sourceTree = "<group>"; };
		EEB5508B1986448300F8A614 /* PogoplugResponse.m */ = {isa = PBXFileReference; fileEncoding = 4; lastKnownFileType = sourcecode.c.objc; path = PogoplugResponse.m; sourceTree = "<group>"; };
		EEB5508C1986448300F8A614 /* File+Pogoplug.h */ = {isa = PBXFileReference; fileEncoding = 4; lastKnownFileType = sourcecode.c.h; path = "File+Pogoplug.h"; sourceTree = "<group>"; };
		EEB5508D1986448300F8A614 /* File+Pogoplug.m */ = {isa = PBXFileReference; fileEncoding = 4; lastKnownFileType = sourcecode.c.objc; path = "File+Pogoplug.m"; sourceTree = "<group>"; };
		EEB550AB198649E000F8A614 /* MKAnnotationView+WebCache.h */ = {isa = PBXFileReference; fileEncoding = 4; lastKnownFileType = sourcecode.c.h; path = "MKAnnotationView+WebCache.h"; sourceTree = "<group>"; };
		EEB550AC198649E000F8A614 /* MKAnnotationView+WebCache.m */ = {isa = PBXFileReference; fileEncoding = 4; lastKnownFileType = sourcecode.c.objc; path = "MKAnnotationView+WebCache.m"; sourceTree = "<group>"; };
		EEB550AD198649E000F8A614 /* NSData+ImageContentType.h */ = {isa = PBXFileReference; fileEncoding = 4; lastKnownFileType = sourcecode.c.h; path = "NSData+ImageContentType.h"; sourceTree = "<group>"; };
		EEB550AE198649E000F8A614 /* NSData+ImageContentType.m */ = {isa = PBXFileReference; fileEncoding = 4; lastKnownFileType = sourcecode.c.objc; path = "NSData+ImageContentType.m"; sourceTree = "<group>"; };
		EEB550AF198649E000F8A614 /* SDImageCache.h */ = {isa = PBXFileReference; fileEncoding = 4; lastKnownFileType = sourcecode.c.h; path = SDImageCache.h; sourceTree = "<group>"; };
		EEB550B0198649E000F8A614 /* SDImageCache.m */ = {isa = PBXFileReference; fileEncoding = 4; lastKnownFileType = sourcecode.c.objc; path = SDImageCache.m; sourceTree = "<group>"; };
		EEB550B1198649E000F8A614 /* SDWebImageCompat.h */ = {isa = PBXFileReference; fileEncoding = 4; lastKnownFileType = sourcecode.c.h; path = SDWebImageCompat.h; sourceTree = "<group>"; };
		EEB550B2198649E000F8A614 /* SDWebImageCompat.m */ = {isa = PBXFileReference; fileEncoding = 4; lastKnownFileType = sourcecode.c.objc; path = SDWebImageCompat.m; sourceTree = "<group>"; };
		EEB550B3198649E000F8A614 /* SDWebImageDecoder.h */ = {isa = PBXFileReference; fileEncoding = 4; lastKnownFileType = sourcecode.c.h; path = SDWebImageDecoder.h; sourceTree = "<group>"; };
		EEB550B4198649E000F8A614 /* SDWebImageDecoder.m */ = {isa = PBXFileReference; fileEncoding = 4; lastKnownFileType = sourcecode.c.objc; path = SDWebImageDecoder.m; sourceTree = "<group>"; };
		EEB550B5198649E000F8A614 /* SDWebImageDownloader.h */ = {isa = PBXFileReference; fileEncoding = 4; lastKnownFileType = sourcecode.c.h; path = SDWebImageDownloader.h; sourceTree = "<group>"; };
		EEB550B6198649E000F8A614 /* SDWebImageDownloader.m */ = {isa = PBXFileReference; fileEncoding = 4; lastKnownFileType = sourcecode.c.objc; path = SDWebImageDownloader.m; sourceTree = "<group>"; };
		EEB550B7198649E000F8A614 /* SDWebImageDownloaderOperation.h */ = {isa = PBXFileReference; fileEncoding = 4; lastKnownFileType = sourcecode.c.h; path = SDWebImageDownloaderOperation.h; sourceTree = "<group>"; };
		EEB550B8198649E000F8A614 /* SDWebImageDownloaderOperation.m */ = {isa = PBXFileReference; fileEncoding = 4; lastKnownFileType = sourcecode.c.objc; path = SDWebImageDownloaderOperation.m; sourceTree = "<group>"; };
		EEB550B9198649E000F8A614 /* SDWebImageManager.h */ = {isa = PBXFileReference; fileEncoding = 4; lastKnownFileType = sourcecode.c.h; path = SDWebImageManager.h; sourceTree = "<group>"; };
		EEB550BA198649E000F8A614 /* SDWebImageManager.m */ = {isa = PBXFileReference; fileEncoding = 4; lastKnownFileType = sourcecode.c.objc; path = SDWebImageManager.m; sourceTree = "<group>"; };
		EEB550BB198649E000F8A614 /* SDWebImageOperation.h */ = {isa = PBXFileReference; fileEncoding = 4; lastKnownFileType = sourcecode.c.h; path = SDWebImageOperation.h; sourceTree = "<group>"; };
		EEB550BC198649E000F8A614 /* SDWebImagePrefetcher.h */ = {isa = PBXFileReference; fileEncoding = 4; lastKnownFileType = sourcecode.c.h; path = SDWebImagePrefetcher.h; sourceTree = "<group>"; };
		EEB550BD198649E000F8A614 /* SDWebImagePrefetcher.m */ = {isa = PBXFileReference; fileEncoding = 4; lastKnownFileType = sourcecode.c.objc; path = SDWebImagePrefetcher.m; sourceTree = "<group>"; };
		EEB550BE198649E000F8A614 /* UIButton+WebCache.h */ = {isa = PBXFileReference; fileEncoding = 4; lastKnownFileType = sourcecode.c.h; path = "UIButton+WebCache.h"; sourceTree = "<group>"; };
		EEB550BF198649E000F8A614 /* UIButton+WebCache.m */ = {isa = PBXFileReference; fileEncoding = 4; lastKnownFileType = sourcecode.c.objc; path = "UIButton+WebCache.m"; sourceTree = "<group>"; };
		EEB550C0198649E000F8A614 /* UIImage+GIF.h */ = {isa = PBXFileReference; fileEncoding = 4; lastKnownFileType = sourcecode.c.h; path = "UIImage+GIF.h"; sourceTree = "<group>"; };
		EEB550C1198649E000F8A614 /* UIImage+GIF.m */ = {isa = PBXFileReference; fileEncoding = 4; lastKnownFileType = sourcecode.c.objc; path = "UIImage+GIF.m"; sourceTree = "<group>"; };
		EEB550C2198649E000F8A614 /* UIImage+MultiFormat.h */ = {isa = PBXFileReference; fileEncoding = 4; lastKnownFileType = sourcecode.c.h; path = "UIImage+MultiFormat.h"; sourceTree = "<group>"; };
		EEB550C3198649E000F8A614 /* UIImage+MultiFormat.m */ = {isa = PBXFileReference; fileEncoding = 4; lastKnownFileType = sourcecode.c.objc; path = "UIImage+MultiFormat.m"; sourceTree = "<group>"; };
		EEB550C4198649E000F8A614 /* UIImage+WebP.h */ = {isa = PBXFileReference; fileEncoding = 4; lastKnownFileType = sourcecode.c.h; path = "UIImage+WebP.h"; sourceTree = "<group>"; };
		EEB550C5198649E000F8A614 /* UIImage+WebP.m */ = {isa = PBXFileReference; fileEncoding = 4; lastKnownFileType = sourcecode.c.objc; path = "UIImage+WebP.m"; sourceTree = "<group>"; };
		EEB550C6198649E000F8A614 /* UIImageView+WebCache.h */ = {isa = PBXFileReference; fileEncoding = 4; lastKnownFileType = sourcecode.c.h; path = "UIImageView+WebCache.h"; sourceTree = "<group>"; };
		EEB550C7198649E000F8A614 /* UIImageView+WebCache.m */ = {isa = PBXFileReference; fileEncoding = 4; lastKnownFileType = sourcecode.c.objc; path = "UIImageView+WebCache.m"; sourceTree = "<group>"; };
		EEB550F7198649FB00F8A614 /* AccountAPI.h */ = {isa = PBXFileReference; fileEncoding = 4; lastKnownFileType = sourcecode.c.h; path = AccountAPI.h; sourceTree = "<group>"; };
		EEB5510419864C5200F8A614 /* AccountNetwork.h */ = {isa = PBXFileReference; fileEncoding = 4; lastKnownFileType = sourcecode.c.h; path = AccountNetwork.h; sourceTree = "<group>"; };
		EEB55113198B6AAD00F8A614 /* PogoplugAPI.h */ = {isa = PBXFileReference; fileEncoding = 4; lastKnownFileType = sourcecode.c.h; path = PogoplugAPI.h; sourceTree = "<group>"; };
		EEB55114198B6AAD00F8A614 /* PogoplugNetwork.h */ = {isa = PBXFileReference; fileEncoding = 4; lastKnownFileType = sourcecode.c.h; path = PogoplugNetwork.h; sourceTree = "<group>"; };
		EEB55115198B706F00F8A614 /* AccountAPI.m */ = {isa = PBXFileReference; fileEncoding = 4; lastKnownFileType = sourcecode.c.objc; path = AccountAPI.m; sourceTree = "<group>"; };
		EEB55117198B71E100F8A614 /* AccountNetwork.m */ = {isa = PBXFileReference; fileEncoding = 4; lastKnownFileType = sourcecode.c.objc; path = AccountNetwork.m; sourceTree = "<group>"; };
		EEB55119198B737F00F8A614 /* PogoplugAPI.m */ = {isa = PBXFileReference; fileEncoding = 4; lastKnownFileType = sourcecode.c.objc; path = PogoplugAPI.m; sourceTree = "<group>"; };
		EEB5511B198B73FC00F8A614 /* PogoplugNetwork.m */ = {isa = PBXFileReference; fileEncoding = 4; lastKnownFileType = sourcecode.c.objc; path = PogoplugNetwork.m; sourceTree = "<group>"; };
		EED85C5519C6C9330031FB89 /* UIColor+Skin.h */ = {isa = PBXFileReference; fileEncoding = 4; lastKnownFileType = sourcecode.c.h; path = "UIColor+Skin.h"; sourceTree = "<group>"; };
		EED85C5619C6C9330031FB89 /* UIColor+Skin.m */ = {isa = PBXFileReference; fileEncoding = 4; lastKnownFileType = sourcecode.c.objc; path = "UIColor+Skin.m"; sourceTree = "<group>"; };
		FA3410A7858B4F69BB9B5A01 /* Pods.xcconfig */ = {isa = PBXFileReference; includeInIndex = 1; lastKnownFileType = text.xcconfig; name = Pods.xcconfig; path = Pods/Pods.xcconfig; sourceTree = "<group>"; };
/* End PBXFileReference section */

/* Begin PBXFrameworksBuildPhase section */
		EEB54FDA19862C0200F8A614 /* Frameworks */ = {
			isa = PBXFrameworksBuildPhase;
			buildActionMask = 2147483647;
			files = (
				EEB54FE319862C0200F8A614 /* CoreGraphics.framework in Frameworks */,
				EEB54FE719862C0200F8A614 /* CoreData.framework in Frameworks */,
				EEB54FE519862C0200F8A614 /* UIKit.framework in Frameworks */,
				EEB54FE119862C0200F8A614 /* Foundation.framework in Frameworks */,
				ABF664615B4E472EB203EEEE /* libPods.a in Frameworks */,
			);
			runOnlyForDeploymentPostprocessing = 0;
		};
		EEB5500319862C0200F8A614 /* Frameworks */ = {
			isa = PBXFrameworksBuildPhase;
			buildActionMask = 2147483647;
			files = (
				EEB5500819862C0200F8A614 /* XCTest.framework in Frameworks */,
				EEB5500B19862C0200F8A614 /* CoreData.framework in Frameworks */,
				EEB5500A19862C0200F8A614 /* UIKit.framework in Frameworks */,
				EEB5500919862C0200F8A614 /* Foundation.framework in Frameworks */,
			);
			runOnlyForDeploymentPostprocessing = 0;
		};
/* End PBXFrameworksBuildPhase section */

/* Begin PBXGroup section */
		46BB54E419CD970000EF43F9 /* BackupLogoView */ = {
			isa = PBXGroup;
			children = (
				46BB54E719CD970000EF43F9 /* BackupLogoView.h */,
				46BB54E819CD970000EF43F9 /* BackupLogoView.m */,
				46BB54E519CD970000EF43F9 /* BackupLogo.png */,
				46BB54E619CD970000EF43F9 /* BackupLogo@2x.png */,
			);
			path = BackupLogoView;
			sourceTree = "<group>";
		};
		46FD218919C4142700DB34A8 /* UI */ = {
			isa = PBXGroup;
			children = (
				46FD218A19C4149100DB34A8 /* NavigationController.h */,
				46FD218B19C4149100DB34A8 /* NavigationController.m */,
				46FD21A119C4342000DB34A8 /* Backup */,
				46FD219C19C4342000DB34A8 /* Browse */,
				46FD21BF19C46BE200DB34A8 /* Common */,
			);
			path = UI;
			sourceTree = "<group>";
		};
		46FD219C19C4342000DB34A8 /* Browse */ = {
			isa = PBXGroup;
			children = (
				46FD219D19C4342000DB34A8 /* FilesViewController.h */,
				46FD219E19C4342000DB34A8 /* FilesViewController.m */,
				46FD219F19C4342000DB34A8 /* TabBarController.h */,
				46FD21A019C4342000DB34A8 /* TabBarController.m */,
			);
			path = Browse;
			sourceTree = "<group>";
		};
		46FD21A119C4342000DB34A8 /* Backup */ = {
			isa = PBXGroup;
			children = (
				46FD21A219C4342000DB34A8 /* BackupViewController.h */,
				46FD21A319C4342000DB34A8 /* BackupViewController.m */,
				46BB54E419CD970000EF43F9 /* BackupLogoView */,
				EE0FDB5619D7F4AF0018F221 /* BackupButtonView */,
				EE0FDB5E19D7F4E50018F221 /* BackupMessageView */,
				EE0FDB5919D7F4AF0018F221 /* BackupCounterView */,
			);
			path = Backup;
			sourceTree = "<group>";
		};
		46FD21BF19C46BE200DB34A8 /* Common */ = {
			isa = PBXGroup;
			children = (
				46FD21C619C46CCC00DB34A8 /* Common.h */,
				46FD21C919C470DB00DB34A8 /* SkinScheme.h */,
				46FD21CA19C470DB00DB34A8 /* SkinScheme.m */,
				EED85C5519C6C9330031FB89 /* UIColor+Skin.h */,
				EED85C5619C6C9330031FB89 /* UIColor+Skin.m */,
			);
			path = Common;
			sourceTree = "<group>";
		};
		EE0036A8198F635E0002628D /* Utils */ = {
			isa = PBXGroup;
			children = (
				EE0036A9198F635E0002628D /* Utils.h */,
				EE0036B8198F68930002628D /* NSBundle+Utils.h */,
				EE0036B9198F68930002628D /* NSBundle+Utils.m */,
				EE0036B5198F659F0002628D /* NSError+HTTP.h */,
				EE0036B6198F659F0002628D /* NSError+HTTP.m */,
				EE0036AC198F63720002628D /* NSManagedObjectContext+Utils.h */,
				EE0036AD198F63720002628D /* NSManagedObjectContext+Utils.m */,
				EE0036AF198F64E00002628D /* NSURL+Utils.h */,
				EE0036B0198F64E00002628D /* NSURL+Utils.m */,
				EE0036D71993731D0002628D /* Database.h */,
				EE0036D81993731D0002628D /* Database.m */,
				46A715CF19A8C7CC00A9FCD4 /* Cancellable.h */,
				EE724FC019B95C21005D4F14 /* DictionaryReader.h */,
				EE724FC119B95C21005D4F14 /* DictionaryReader.m */,
			);
			path = Utils;
			sourceTree = "<group>";
		};
		EE0036C619936C270002628D /* Backup */ = {
			isa = PBXGroup;
			children = (
				EE0036C819936C9D0002628D /* Backup.xcdatamodeld */,
				EE0036CB19936CB50002628D /* BackupDatabase.h */,
				EE0036CC19936CB50002628D /* BackupDatabase.m */,
				EE0036D4199372150002628D /* BackupFile.h */,
				EE0036D5199372150002628D /* BackupFile.m */,
				EE0036D119936D1F0002628D /* BackupService.h */,
				EE0036D219936D1F0002628D /* BackupService.m */,
			);
			path = Backup;
			sourceTree = "<group>";
		};
		EE0036C719936C270002628D /* Browsing */ = {
			isa = PBXGroup;
			children = (
				EE0036DD1993766C0002628D /* Browsing.xcdatamodeld */,
				EE0036E01993767D0002628D /* BrowsingDatabase.h */,
				EE0036E11993767D0002628D /* BrowsingDatabase.m */,
				EE0036E3199376900002628D /* BrowsingService.h */,
				EE0036E4199376900002628D /* BrowsingService.m */,
			);
			path = Browsing;
			sourceTree = "<group>";
		};
		EE0FDB5619D7F4AF0018F221 /* BackupButtonView */ = {
			isa = PBXGroup;
			children = (
				EE0FDB5719D7F4AF0018F221 /* BackupButtonView.h */,
				EE0FDB5819D7F4AF0018F221 /* BackupButtonView.m */,
			);
			path = BackupButtonView;
			sourceTree = "<group>";
		};
		EE0FDB5919D7F4AF0018F221 /* BackupCounterView */ = {
			isa = PBXGroup;
			children = (
				46B5424419D96BE000ECBAAA /* BackupCounterView.h */,
				46B5424519D96BE000ECBAAA /* BackupCounterView.m */,
				46B5424719D9AF7B00ECBAAA /* HorizontalTableView.h */,
				46B5424819D9AF7C00ECBAAA /* HorizontalTableView.m */,
			);
			path = BackupCounterView;
			sourceTree = "<group>";
		};
		EE0FDB5E19D7F4E50018F221 /* BackupMessageView */ = {
			isa = PBXGroup;
			children = (
			);
			path = BackupMessageView;
			sourceTree = "<group>";
		};
		EE58988E19AB232E0093C7C0 /* Public */ = {
			isa = PBXGroup;
			children = (
				EE58988F19AB23520093C7C0 /* Core.h */,
				EE58989019AB23520093C7C0 /* Core.m */,
				EE58989119AB23520093C7C0 /* Error.h */,
				EE58989219AB23520093C7C0 /* Error.m */,
				EE58989319AB23520093C7C0 /* File.h */,
				EE58989419AB23520093C7C0 /* File.m */,
				EE58989519AB23520093C7C0 /* Operation.h */,
				EE58989619AB23520093C7C0 /* Operation.m */,
				EE58989719AB23520093C7C0 /* Types.h */,
			);
			path = Public;
			sourceTree = "<group>";
		};
		EEB54FD419862C0200F8A614 = {
			isa = PBXGroup;
			children = (
				46FD218919C4142700DB34A8 /* UI */,
				EEB5501E198630AB00F8A614 /* Core */,
				EEB54FE819862C0200F8A614 /* NewCore */,
				EEB5500E19862C0200F8A614 /* NewCoreTests */,
				EEB54FDF19862C0200F8A614 /* Frameworks */,
				EEB54FDE19862C0200F8A614 /* Products */,
				FA3410A7858B4F69BB9B5A01 /* Pods.xcconfig */,
			);
			sourceTree = "<group>";
		};
		EEB54FDE19862C0200F8A614 /* Products */ = {
			isa = PBXGroup;
			children = (
				EEB54FDD19862C0200F8A614 /* NewCore.app */,
				EEB5500619862C0200F8A614 /* NewCoreTests.xctest */,
			);
			name = Products;
			sourceTree = "<group>";
		};
		EEB54FDF19862C0200F8A614 /* Frameworks */ = {
			isa = PBXGroup;
			children = (
				EEB54FE019862C0200F8A614 /* Foundation.framework */,
				EEB54FE219862C0200F8A614 /* CoreGraphics.framework */,
				EEB54FE419862C0200F8A614 /* UIKit.framework */,
				EEB54FE619862C0200F8A614 /* CoreData.framework */,
				EEB5500719862C0200F8A614 /* XCTest.framework */,
				37988E49F4D940339135B730 /* libPods.a */,
			);
			name = Frameworks;
			sourceTree = "<group>";
		};
		EEB54FE819862C0200F8A614 /* NewCore */ = {
			isa = PBXGroup;
			children = (
				EEB54FF119862C0200F8A614 /* AppDelegate.h */,
				EEB54FF219862C0200F8A614 /* AppDelegate.m */,
				EEB5500019862C0200F8A614 /* Images.xcassets */,
				EEB54FE919862C0200F8A614 /* Supporting Files */,
			);
			path = NewCore;
			sourceTree = "<group>";
		};
		EEB54FE919862C0200F8A614 /* Supporting Files */ = {
			isa = PBXGroup;
			children = (
				EEB54FEA19862C0200F8A614 /* NewCore-Info.plist */,
				EEB54FEB19862C0200F8A614 /* InfoPlist.strings */,
				EEB54FEE19862C0200F8A614 /* main.m */,
				EEB54FF019862C0200F8A614 /* NewCore-Prefix.pch */,
			);
			name = "Supporting Files";
			sourceTree = "<group>";
		};
		EEB5500E19862C0200F8A614 /* NewCoreTests */ = {
			isa = PBXGroup;
			children = (
				EEB5501419862C0200F8A614 /* NewCoreTests.m */,
				EEB5500F19862C0200F8A614 /* Supporting Files */,
				46FD219219C4301900DB34A8 /* Storyboard.storyboard */,
			);
			path = NewCoreTests;
			sourceTree = "<group>";
		};
		EEB5500F19862C0200F8A614 /* Supporting Files */ = {
			isa = PBXGroup;
			children = (
				EEB5501019862C0200F8A614 /* NewCoreTests-Info.plist */,
				EEB5501119862C0200F8A614 /* InfoPlist.strings */,
			);
			name = "Supporting Files";
			sourceTree = "<group>";
		};
		EEB5501E198630AB00F8A614 /* Core */ = {
			isa = PBXGroup;
			children = (
				EEB550371986314C00F8A614 /* API */,
				EE0036C619936C270002628D /* Backup */,
				EE0036C719936C270002628D /* Browsing */,
				EE58988E19AB232E0093C7C0 /* Public */,
				EEB55095198649E000F8A614 /* References */,
			);
			path = Core;
			sourceTree = "<group>";
		};
		EEB550371986314C00F8A614 /* API */ = {
			isa = PBXGroup;
			children = (
				EEB550F6198649FB00F8A614 /* Account */,
				EEB550851986448300F8A614 /* Pogoplug */,
			);
			path = API;
			sourceTree = "<group>";
		};
		EEB550851986448300F8A614 /* Pogoplug */ = {
			isa = PBXGroup;
			children = (
				EEB55113198B6AAD00F8A614 /* PogoplugAPI.h */,
				EEB55119198B737F00F8A614 /* PogoplugAPI.m */,
				46A715C919A8C55100A9FCD4 /* PogoplugParameters.h */,
				46A715CA19A8C55100A9FCD4 /* PogoplugParameters.m */,
				EEB55114198B6AAD00F8A614 /* PogoplugNetwork.h */,
				EEB5511B198B73FC00F8A614 /* PogoplugNetwork.m */,
				EEB5508A1986448300F8A614 /* PogoplugResponse.h */,
				EEB5508B1986448300F8A614 /* PogoplugResponse.m */,
				EEB5508C1986448300F8A614 /* File+Pogoplug.h */,
				EEB5508D1986448300F8A614 /* File+Pogoplug.m */,
				EE0036B2198F652D0002628D /* NSDate+Pogoplug.h */,
				EE0036B3198F652D0002628D /* NSDate+Pogoplug.m */,
			);
			path = Pogoplug;
			sourceTree = "<group>";
		};
		EEB55095198649E000F8A614 /* References */ = {
			isa = PBXGroup;
			children = (
				EE0036A8198F635E0002628D /* Utils */,
				EEB550AA198649E000F8A614 /* SDWebImage */,
			);
			path = References;
			sourceTree = "<group>";
		};
		EEB550AA198649E000F8A614 /* SDWebImage */ = {
			isa = PBXGroup;
			children = (
				EEB550AB198649E000F8A614 /* MKAnnotationView+WebCache.h */,
				EEB550AC198649E000F8A614 /* MKAnnotationView+WebCache.m */,
				EEB550AD198649E000F8A614 /* NSData+ImageContentType.h */,
				EEB550AE198649E000F8A614 /* NSData+ImageContentType.m */,
				EEB550AF198649E000F8A614 /* SDImageCache.h */,
				EEB550B0198649E000F8A614 /* SDImageCache.m */,
				EEB550B1198649E000F8A614 /* SDWebImageCompat.h */,
				EEB550B2198649E000F8A614 /* SDWebImageCompat.m */,
				EEB550B3198649E000F8A614 /* SDWebImageDecoder.h */,
				EEB550B4198649E000F8A614 /* SDWebImageDecoder.m */,
				EEB550B5198649E000F8A614 /* SDWebImageDownloader.h */,
				EEB550B6198649E000F8A614 /* SDWebImageDownloader.m */,
				EEB550B7198649E000F8A614 /* SDWebImageDownloaderOperation.h */,
				EEB550B8198649E000F8A614 /* SDWebImageDownloaderOperation.m */,
				EEB550B9198649E000F8A614 /* SDWebImageManager.h */,
				EEB550BA198649E000F8A614 /* SDWebImageManager.m */,
				EEB550BB198649E000F8A614 /* SDWebImageOperation.h */,
				EEB550BC198649E000F8A614 /* SDWebImagePrefetcher.h */,
				EEB550BD198649E000F8A614 /* SDWebImagePrefetcher.m */,
				EEB550BE198649E000F8A614 /* UIButton+WebCache.h */,
				EEB550BF198649E000F8A614 /* UIButton+WebCache.m */,
				EEB550C0198649E000F8A614 /* UIImage+GIF.h */,
				EEB550C1198649E000F8A614 /* UIImage+GIF.m */,
				EEB550C2198649E000F8A614 /* UIImage+MultiFormat.h */,
				EEB550C3198649E000F8A614 /* UIImage+MultiFormat.m */,
				EEB550C4198649E000F8A614 /* UIImage+WebP.h */,
				EEB550C5198649E000F8A614 /* UIImage+WebP.m */,
				EEB550C6198649E000F8A614 /* UIImageView+WebCache.h */,
				EEB550C7198649E000F8A614 /* UIImageView+WebCache.m */,
			);
			path = SDWebImage;
			sourceTree = "<group>";
		};
		EEB550F6198649FB00F8A614 /* Account */ = {
			isa = PBXGroup;
			children = (
				EEB550F7198649FB00F8A614 /* AccountAPI.h */,
				EEB55115198B706F00F8A614 /* AccountAPI.m */,
				46A715C619A8C4D500A9FCD4 /* AccountParameters.h */,
				46A715C719A8C4D500A9FCD4 /* AccountParameters.m */,
				EEB5510419864C5200F8A614 /* AccountNetwork.h */,
				EEB55117198B71E100F8A614 /* AccountNetwork.m */,
				EE724FBB19B58437005D4F14 /* AccountResponse.h */,
				EE724FBC19B58437005D4F14 /* AccountResponse.m */,
			);
			path = Account;
			sourceTree = "<group>";
		};
/* End PBXGroup section */

/* Begin PBXNativeTarget section */
		EEB54FDC19862C0200F8A614 /* NewCore */ = {
			isa = PBXNativeTarget;
			buildConfigurationList = EEB5501819862C0200F8A614 /* Build configuration list for PBXNativeTarget "NewCore" */;
			buildPhases = (
				F2556922A0A747DEA72AB5DF /* Check Pods Manifest.lock */,
				EEB54FD919862C0200F8A614 /* Sources */,
				EEB54FDA19862C0200F8A614 /* Frameworks */,
				EEB54FDB19862C0200F8A614 /* Resources */,
				9D38A944637B4640B28C2FE3 /* Copy Pods Resources */,
			);
			buildRules = (
			);
			dependencies = (
			);
			name = NewCore;
			productName = NewCore;
			productReference = EEB54FDD19862C0200F8A614 /* NewCore.app */;
			productType = "com.apple.product-type.application";
		};
		EEB5500519862C0200F8A614 /* NewCoreTests */ = {
			isa = PBXNativeTarget;
			buildConfigurationList = EEB5501B19862C0200F8A614 /* Build configuration list for PBXNativeTarget "NewCoreTests" */;
			buildPhases = (
				EEB5500219862C0200F8A614 /* Sources */,
				EEB5500319862C0200F8A614 /* Frameworks */,
				EEB5500419862C0200F8A614 /* Resources */,
			);
			buildRules = (
			);
			dependencies = (
				EEB5500D19862C0200F8A614 /* PBXTargetDependency */,
			);
			name = NewCoreTests;
			productName = NewCoreTests;
			productReference = EEB5500619862C0200F8A614 /* NewCoreTests.xctest */;
			productType = "com.apple.product-type.bundle.unit-test";
		};
/* End PBXNativeTarget section */

/* Begin PBXProject section */
		EEB54FD519862C0200F8A614 /* Project object */ = {
			isa = PBXProject;
			attributes = {
				LastUpgradeCheck = 0510;
				ORGANIZATIONNAME = nero;
				TargetAttributes = {
					EEB5500519862C0200F8A614 = {
						TestTargetID = EEB54FDC19862C0200F8A614;
					};
				};
			};
			buildConfigurationList = EEB54FD819862C0200F8A614 /* Build configuration list for PBXProject "NewCore" */;
			compatibilityVersion = "Xcode 3.2";
			developmentRegion = English;
			hasScannedForEncodings = 0;
			knownRegions = (
				en,
				Base,
			);
			mainGroup = EEB54FD419862C0200F8A614;
			productRefGroup = EEB54FDE19862C0200F8A614 /* Products */;
			projectDirPath = "";
			projectRoot = "";
			targets = (
				EEB54FDC19862C0200F8A614 /* NewCore */,
				EEB5500519862C0200F8A614 /* NewCoreTests */,
			);
		};
/* End PBXProject section */

/* Begin PBXResourcesBuildPhase section */
		EEB54FDB19862C0200F8A614 /* Resources */ = {
			isa = PBXResourcesBuildPhase;
			buildActionMask = 2147483647;
			files = (
				46BB54E919CD970000EF43F9 /* BackupLogo.png in Resources */,
				46BB54EA19CD970000EF43F9 /* BackupLogo@2x.png in Resources */,
				EEB5500119862C0200F8A614 /* Images.xcassets in Resources */,
				EEB54FED19862C0200F8A614 /* InfoPlist.strings in Resources */,
			);
			runOnlyForDeploymentPostprocessing = 0;
		};
		EEB5500419862C0200F8A614 /* Resources */ = {
			isa = PBXResourcesBuildPhase;
			buildActionMask = 2147483647;
			files = (
				EEB5501319862C0200F8A614 /* InfoPlist.strings in Resources */,
				46FD219319C4301900DB34A8 /* Storyboard.storyboard in Resources */,
			);
			runOnlyForDeploymentPostprocessing = 0;
		};
/* End PBXResourcesBuildPhase section */

/* Begin PBXShellScriptBuildPhase section */
		9D38A944637B4640B28C2FE3 /* Copy Pods Resources */ = {
			isa = PBXShellScriptBuildPhase;
			buildActionMask = 2147483647;
			files = (
			);
			inputPaths = (
			);
			name = "Copy Pods Resources";
			outputPaths = (
			);
			runOnlyForDeploymentPostprocessing = 0;
			shellPath = /bin/sh;
			shellScript = "\"${SRCROOT}/Pods/Pods-resources.sh\"\n";
			showEnvVarsInLog = 0;
		};
		F2556922A0A747DEA72AB5DF /* Check Pods Manifest.lock */ = {
			isa = PBXShellScriptBuildPhase;
			buildActionMask = 2147483647;
			files = (
			);
			inputPaths = (
			);
			name = "Check Pods Manifest.lock";
			outputPaths = (
			);
			runOnlyForDeploymentPostprocessing = 0;
			shellPath = /bin/sh;
			shellScript = "diff \"${PODS_ROOT}/../Podfile.lock\" \"${PODS_ROOT}/Manifest.lock\" > /dev/null\nif [[ $? != 0 ]] ; then\n    cat << EOM\nerror: The sandbox is not in sync with the Podfile.lock. Run 'pod install' or update your CocoaPods installation.\nEOM\n    exit 1\nfi\n";
			showEnvVarsInLog = 0;
		};
/* End PBXShellScriptBuildPhase section */

/* Begin PBXSourcesBuildPhase section */
		EEB54FD919862C0200F8A614 /* Sources */ = {
			isa = PBXSourcesBuildPhase;
			buildActionMask = 2147483647;
			files = (
				46FD21AA19C4374300DB34A8 /* BackupViewController.m in Sources */,
				46B5424619D96BE000ECBAAA /* BackupCounterView.m in Sources */,
				46FD21AC19C4374300DB34A8 /* FilesViewController.m in Sources */,
				46FD21AD19C4374300DB34A8 /* TabBarController.m in Sources */,
				EE58989919AB23520093C7C0 /* Error.m in Sources */,
				46BB54EB19CD970000EF43F9 /* BackupLogoView.m in Sources */,
				EEB550EB198649E000F8A614 /* UIImage+GIF.m in Sources */,
				EED85C5719C6C9330031FB89 /* UIColor+Skin.m in Sources */,
				EE58989B19AB23520093C7C0 /* Operation.m in Sources */,
				46FD21CB19C470DB00DB34A8 /* SkinScheme.m in Sources */,
				EE724FBD19B58437005D4F14 /* AccountResponse.m in Sources */,
				EE0036AE198F63720002628D /* NSManagedObjectContext+Utils.m in Sources */,
				EE0036E5199376900002628D /* BrowsingService.m in Sources */,
				EE0036DF1993766C0002628D /* Browsing.xcdatamodeld in Sources */,
				EEB55118198B71E100F8A614 /* AccountNetwork.m in Sources */,
				46A715CB19A8C55100A9FCD4 /* PogoplugParameters.m in Sources */,
				EEB550EA198649E000F8A614 /* UIButton+WebCache.m in Sources */,
				46B5424919D9AF7C00ECBAAA /* HorizontalTableView.m in Sources */,
				EEB550EC198649E000F8A614 /* UIImage+MultiFormat.m in Sources */,
				EEB550E5198649E000F8A614 /* SDWebImageDecoder.m in Sources */,
				EE724FC219B95C21005D4F14 /* DictionaryReader.m in Sources */,
				EE0036DB1993731D0002628D /* Database.m in Sources */,
				EEB550901986448300F8A614 /* PogoplugResponse.m in Sources */,
				EE0036CA19936C9D0002628D /* Backup.xcdatamodeld in Sources */,
				EE0036D6199372150002628D /* BackupFile.m in Sources */,
				EEB550EE198649E000F8A614 /* UIImageView+WebCache.m in Sources */,
				EEB550E2198649E000F8A614 /* NSData+ImageContentType.m in Sources */,
				EE0036BA198F68930002628D /* NSBundle+Utils.m in Sources */,
				EEB550E6198649E000F8A614 /* SDWebImageDownloader.m in Sources */,
				EEB5511C198B73FC00F8A614 /* PogoplugNetwork.m in Sources */,
				EE58989A19AB23520093C7C0 /* File.m in Sources */,
				EEB550E4198649E000F8A614 /* SDWebImageCompat.m in Sources */,
				EE58989819AB23520093C7C0 /* Core.m in Sources */,
				EE0036D319936D1F0002628D /* BackupService.m in Sources */,
				EEB550E1198649E000F8A614 /* MKAnnotationView+WebCache.m in Sources */,
				EEB54FF319862C0200F8A614 /* AppDelegate.m in Sources */,
				EE0036B4198F652D0002628D /* NSDate+Pogoplug.m in Sources */,
				EEB550E9198649E000F8A614 /* SDWebImagePrefetcher.m in Sources */,
				EE0FDB5C19D7F4AF0018F221 /* BackupButtonView.m in Sources */,
				EEB54FEF19862C0200F8A614 /* main.m in Sources */,
				EEB5511A198B737F00F8A614 /* PogoplugAPI.m in Sources */,
				EEB550E7198649E000F8A614 /* SDWebImageDownloaderOperation.m in Sources */,
				EEB55116198B706F00F8A614 /* AccountAPI.m in Sources */,
				EEB550E8198649E000F8A614 /* SDWebImageManager.m in Sources */,
				46A715C819A8C4D500A9FCD4 /* AccountParameters.m in Sources */,
				EE0036B7198F659F0002628D /* NSError+HTTP.m in Sources */,
				EEB550ED198649E000F8A614 /* UIImage+WebP.m in Sources */,
				EEB550911986448300F8A614 /* File+Pogoplug.m in Sources */,
				EEB550E3198649E000F8A614 /* SDImageCache.m in Sources */,
				EE0036E21993767D0002628D /* BrowsingDatabase.m in Sources */,
				EE0036CD19936CB50002628D /* BackupDatabase.m in Sources */,
				EE0036B1198F64E00002628D /* NSURL+Utils.m in Sources */,
				46FD218C19C4149100DB34A8 /* NavigationController.m in Sources */,
			);
			runOnlyForDeploymentPostprocessing = 0;
		};
		EEB5500219862C0200F8A614 /* Sources */ = {
			isa = PBXSourcesBuildPhase;
			buildActionMask = 2147483647;
			files = (
				46FD21A519C4342000DB34A8 /* TabBarController.m in Sources */,
				46FD21A419C4342000DB34A8 /* FilesViewController.m in Sources */,
				46FD21A619C4342000DB34A8 /* BackupViewController.m in Sources */,
				EEB5501519862C0200F8A614 /* NewCoreTests.m in Sources */,
			);
			runOnlyForDeploymentPostprocessing = 0;
		};
/* End PBXSourcesBuildPhase section */

/* Begin PBXTargetDependency section */
		EEB5500D19862C0200F8A614 /* PBXTargetDependency */ = {
			isa = PBXTargetDependency;
			target = EEB54FDC19862C0200F8A614 /* NewCore */;
			targetProxy = EEB5500C19862C0200F8A614 /* PBXContainerItemProxy */;
		};
/* End PBXTargetDependency section */

/* Begin PBXVariantGroup section */
		EEB54FEB19862C0200F8A614 /* InfoPlist.strings */ = {
			isa = PBXVariantGroup;
			children = (
				EEB54FEC19862C0200F8A614 /* en */,
			);
			name = InfoPlist.strings;
			sourceTree = "<group>";
		};
		EEB5501119862C0200F8A614 /* InfoPlist.strings */ = {
			isa = PBXVariantGroup;
			children = (
				EEB5501219862C0200F8A614 /* en */,
			);
			name = InfoPlist.strings;
			sourceTree = "<group>";
		};
/* End PBXVariantGroup section */

/* Begin XCBuildConfiguration section */
		EEB5501619862C0200F8A614 /* Debug */ = {
			isa = XCBuildConfiguration;
			buildSettings = {
				ALWAYS_SEARCH_USER_PATHS = NO;
				CLANG_CXX_LANGUAGE_STANDARD = "gnu++0x";
				CLANG_CXX_LIBRARY = "libc++";
				CLANG_ENABLE_MODULES = YES;
				CLANG_ENABLE_OBJC_ARC = YES;
				CLANG_WARN_BOOL_CONVERSION = YES;
				CLANG_WARN_CONSTANT_CONVERSION = YES;
				CLANG_WARN_DIRECT_OBJC_ISA_USAGE = YES_ERROR;
				CLANG_WARN_EMPTY_BODY = YES;
				CLANG_WARN_ENUM_CONVERSION = YES;
				CLANG_WARN_INT_CONVERSION = YES;
				CLANG_WARN_OBJC_ROOT_CLASS = YES_ERROR;
				CLANG_WARN__DUPLICATE_METHOD_MATCH = YES;
				"CODE_SIGN_IDENTITY[sdk=iphoneos*]" = "iPhone Developer";
				COPY_PHASE_STRIP = NO;
				GCC_C_LANGUAGE_STANDARD = gnu99;
				GCC_DYNAMIC_NO_PIC = NO;
				GCC_OPTIMIZATION_LEVEL = 0;
				GCC_PREPROCESSOR_DEFINITIONS = (
					"DEBUG=1",
					"$(inherited)",
				);
				GCC_SYMBOLS_PRIVATE_EXTERN = NO;
				GCC_WARN_64_TO_32_BIT_CONVERSION = YES;
				GCC_WARN_ABOUT_RETURN_TYPE = YES_ERROR;
				GCC_WARN_UNDECLARED_SELECTOR = YES;
				GCC_WARN_UNINITIALIZED_AUTOS = YES_AGGRESSIVE;
				GCC_WARN_UNUSED_FUNCTION = YES;
				GCC_WARN_UNUSED_VARIABLE = YES;
				IPHONEOS_DEPLOYMENT_TARGET = 7.1;
				ONLY_ACTIVE_ARCH = YES;
				SDKROOT = iphoneos;
			};
			name = Debug;
		};
		EEB5501719862C0200F8A614 /* Release */ = {
			isa = XCBuildConfiguration;
			buildSettings = {
				ALWAYS_SEARCH_USER_PATHS = NO;
				CLANG_CXX_LANGUAGE_STANDARD = "gnu++0x";
				CLANG_CXX_LIBRARY = "libc++";
				CLANG_ENABLE_MODULES = YES;
				CLANG_ENABLE_OBJC_ARC = YES;
				CLANG_WARN_BOOL_CONVERSION = YES;
				CLANG_WARN_CONSTANT_CONVERSION = YES;
				CLANG_WARN_DIRECT_OBJC_ISA_USAGE = YES_ERROR;
				CLANG_WARN_EMPTY_BODY = YES;
				CLANG_WARN_ENUM_CONVERSION = YES;
				CLANG_WARN_INT_CONVERSION = YES;
				CLANG_WARN_OBJC_ROOT_CLASS = YES_ERROR;
				CLANG_WARN__DUPLICATE_METHOD_MATCH = YES;
				"CODE_SIGN_IDENTITY[sdk=iphoneos*]" = "iPhone Developer";
				COPY_PHASE_STRIP = YES;
				ENABLE_NS_ASSERTIONS = NO;
				GCC_C_LANGUAGE_STANDARD = gnu99;
				GCC_WARN_64_TO_32_BIT_CONVERSION = YES;
				GCC_WARN_ABOUT_RETURN_TYPE = YES_ERROR;
				GCC_WARN_UNDECLARED_SELECTOR = YES;
				GCC_WARN_UNINITIALIZED_AUTOS = YES_AGGRESSIVE;
				GCC_WARN_UNUSED_FUNCTION = YES;
				GCC_WARN_UNUSED_VARIABLE = YES;
				IPHONEOS_DEPLOYMENT_TARGET = 7.1;
				SDKROOT = iphoneos;
				VALIDATE_PRODUCT = YES;
			};
			name = Release;
		};
		EEB5501919862C0200F8A614 /* Debug */ = {
			isa = XCBuildConfiguration;
			baseConfigurationReference = FA3410A7858B4F69BB9B5A01 /* Pods.xcconfig */;
			buildSettings = {
				ASSETCATALOG_COMPILER_APPICON_NAME = AppIcon;
				ASSETCATALOG_COMPILER_LAUNCHIMAGE_NAME = LaunchImage;
				GCC_PRECOMPILE_PREFIX_HEADER = YES;
				GCC_PREFIX_HEADER = "NewCore/NewCore-Prefix.pch";
				INFOPLIST_FILE = "NewCore/NewCore-Info.plist";
				PRODUCT_NAME = "$(TARGET_NAME)";
				WRAPPER_EXTENSION = app;
			};
			name = Debug;
		};
		EEB5501A19862C0200F8A614 /* Release */ = {
			isa = XCBuildConfiguration;
			baseConfigurationReference = FA3410A7858B4F69BB9B5A01 /* Pods.xcconfig */;
			buildSettings = {
				ASSETCATALOG_COMPILER_APPICON_NAME = AppIcon;
				ASSETCATALOG_COMPILER_LAUNCHIMAGE_NAME = LaunchImage;
				GCC_PRECOMPILE_PREFIX_HEADER = YES;
				GCC_PREFIX_HEADER = "NewCore/NewCore-Prefix.pch";
				INFOPLIST_FILE = "NewCore/NewCore-Info.plist";
				PRODUCT_NAME = "$(TARGET_NAME)";
				WRAPPER_EXTENSION = app;
			};
			name = Release;
		};
		EEB5501C19862C0200F8A614 /* Debug */ = {
			isa = XCBuildConfiguration;
			buildSettings = {
				BUNDLE_LOADER = "$(BUILT_PRODUCTS_DIR)/NewCore.app/NewCore";
				FRAMEWORK_SEARCH_PATHS = (
					"$(SDKROOT)/Developer/Library/Frameworks",
					"$(inherited)",
					"$(DEVELOPER_FRAMEWORKS_DIR)",
				);
				GCC_PRECOMPILE_PREFIX_HEADER = YES;
				GCC_PREFIX_HEADER = "NewCore/NewCore-Prefix.pch";
				GCC_PREPROCESSOR_DEFINITIONS = (
					"DEBUG=1",
					"$(inherited)",
				);
				INFOPLIST_FILE = "NewCoreTests/NewCoreTests-Info.plist";
				PRODUCT_NAME = "$(TARGET_NAME)";
				TEST_HOST = "$(BUNDLE_LOADER)";
				WRAPPER_EXTENSION = xctest;
			};
			name = Debug;
		};
		EEB5501D19862C0200F8A614 /* Release */ = {
			isa = XCBuildConfiguration;
			buildSettings = {
				BUNDLE_LOADER = "$(BUILT_PRODUCTS_DIR)/NewCore.app/NewCore";
				FRAMEWORK_SEARCH_PATHS = (
					"$(SDKROOT)/Developer/Library/Frameworks",
					"$(inherited)",
					"$(DEVELOPER_FRAMEWORKS_DIR)",
				);
				GCC_PRECOMPILE_PREFIX_HEADER = YES;
				GCC_PREFIX_HEADER = "NewCore/NewCore-Prefix.pch";
				INFOPLIST_FILE = "NewCoreTests/NewCoreTests-Info.plist";
				PRODUCT_NAME = "$(TARGET_NAME)";
				TEST_HOST = "$(BUNDLE_LOADER)";
				WRAPPER_EXTENSION = xctest;
			};
			name = Release;
		};
/* End XCBuildConfiguration section */

/* Begin XCConfigurationList section */
		EEB54FD819862C0200F8A614 /* Build configuration list for PBXProject "NewCore" */ = {
			isa = XCConfigurationList;
			buildConfigurations = (
				EEB5501619862C0200F8A614 /* Debug */,
				EEB5501719862C0200F8A614 /* Release */,
			);
			defaultConfigurationIsVisible = 0;
			defaultConfigurationName = Release;
		};
		EEB5501819862C0200F8A614 /* Build configuration list for PBXNativeTarget "NewCore" */ = {
			isa = XCConfigurationList;
			buildConfigurations = (
				EEB5501919862C0200F8A614 /* Debug */,
				EEB5501A19862C0200F8A614 /* Release */,
			);
			defaultConfigurationIsVisible = 0;
			defaultConfigurationName = Release;
		};
		EEB5501B19862C0200F8A614 /* Build configuration list for PBXNativeTarget "NewCoreTests" */ = {
			isa = XCConfigurationList;
			buildConfigurations = (
				EEB5501C19862C0200F8A614 /* Debug */,
				EEB5501D19862C0200F8A614 /* Release */,
			);
			defaultConfigurationIsVisible = 0;
			defaultConfigurationName = Release;
		};
/* End XCConfigurationList section */

/* Begin XCVersionGroup section */
		EE0036C819936C9D0002628D /* Backup.xcdatamodeld */ = {
			isa = XCVersionGroup;
			children = (
				EE0036C919936C9D0002628D /* Backup.xcdatamodel */,
			);
			currentVersion = EE0036C919936C9D0002628D /* Backup.xcdatamodel */;
			path = Backup.xcdatamodeld;
			sourceTree = "<group>";
			versionGroupType = wrapper.xcdatamodel;
		};
		EE0036DD1993766C0002628D /* Browsing.xcdatamodeld */ = {
			isa = XCVersionGroup;
			children = (
				EE0036DE1993766C0002628D /* Browsing.xcdatamodel */,
			);
			currentVersion = EE0036DE1993766C0002628D /* Browsing.xcdatamodel */;
			path = Browsing.xcdatamodeld;
			sourceTree = "<group>";
			versionGroupType = wrapper.xcdatamodel;
		};
/* End XCVersionGroup section */
	};
	rootObject = EEB54FD519862C0200F8A614 /* Project object */;
}
