// !$*UTF8*$!
{
	archiveVersion = 1;
	classes = {
	};
	objectVersion = 46;
	objects = {

/* Begin PBXBuildFile section */
		EEB54FE119862C0200F8A614 /* Foundation.framework in Frameworks */ = {isa = PBXBuildFile; fileRef = EEB54FE019862C0200F8A614 /* Foundation.framework */; };
		EEB54FE319862C0200F8A614 /* CoreGraphics.framework in Frameworks */ = {isa = PBXBuildFile; fileRef = EEB54FE219862C0200F8A614 /* CoreGraphics.framework */; };
		EEB54FE519862C0200F8A614 /* UIKit.framework in Frameworks */ = {isa = PBXBuildFile; fileRef = EEB54FE419862C0200F8A614 /* UIKit.framework */; };
		EEB54FE719862C0200F8A614 /* CoreData.framework in Frameworks */ = {isa = PBXBuildFile; fileRef = EEB54FE619862C0200F8A614 /* CoreData.framework */; };
		EEB54FED19862C0200F8A614 /* InfoPlist.strings in Resources */ = {isa = PBXBuildFile; fileRef = EEB54FEB19862C0200F8A614 /* InfoPlist.strings */; };
		EEB54FEF19862C0200F8A614 /* main.m in Sources */ = {isa = PBXBuildFile; fileRef = EEB54FEE19862C0200F8A614 /* main.m */; };
		EEB54FF319862C0200F8A614 /* AppDelegate.m in Sources */ = {isa = PBXBuildFile; fileRef = EEB54FF219862C0200F8A614 /* AppDelegate.m */; };
		EEB54FF619862C0200F8A614 /* Main.storyboard in Resources */ = {isa = PBXBuildFile; fileRef = EEB54FF419862C0200F8A614 /* Main.storyboard */; };
		EEB54FFC19862C0200F8A614 /* MasterViewController.m in Sources */ = {isa = PBXBuildFile; fileRef = EEB54FFB19862C0200F8A614 /* MasterViewController.m */; };
		EEB54FFF19862C0200F8A614 /* DetailViewController.m in Sources */ = {isa = PBXBuildFile; fileRef = EEB54FFE19862C0200F8A614 /* DetailViewController.m */; };
		EEB5500119862C0200F8A614 /* Images.xcassets in Resources */ = {isa = PBXBuildFile; fileRef = EEB5500019862C0200F8A614 /* Images.xcassets */; };
		EEB5500819862C0200F8A614 /* XCTest.framework in Frameworks */ = {isa = PBXBuildFile; fileRef = EEB5500719862C0200F8A614 /* XCTest.framework */; };
		EEB5500919862C0200F8A614 /* Foundation.framework in Frameworks */ = {isa = PBXBuildFile; fileRef = EEB54FE019862C0200F8A614 /* Foundation.framework */; };
		EEB5500A19862C0200F8A614 /* UIKit.framework in Frameworks */ = {isa = PBXBuildFile; fileRef = EEB54FE419862C0200F8A614 /* UIKit.framework */; };
		EEB5500B19862C0200F8A614 /* CoreData.framework in Frameworks */ = {isa = PBXBuildFile; fileRef = EEB54FE619862C0200F8A614 /* CoreData.framework */; };
		EEB5501319862C0200F8A614 /* InfoPlist.strings in Resources */ = {isa = PBXBuildFile; fileRef = EEB5501119862C0200F8A614 /* InfoPlist.strings */; };
		EEB5501519862C0200F8A614 /* NewCoreTests.m in Sources */ = {isa = PBXBuildFile; fileRef = EEB5501419862C0200F8A614 /* NewCoreTests.m */; };
		EEB55031198630D200F8A614 /* Core.m in Sources */ = {isa = PBXBuildFile; fileRef = EEB55024198630D200F8A614 /* Core.m */; };
		EEB5504F1986318E00F8A614 /* StorageFile.m in Sources */ = {isa = PBXBuildFile; fileRef = EEB5504E1986318E00F8A614 /* StorageFile.m */; };
		EEB5508E1986448300F8A614 /* PogoplugAPI.m in Sources */ = {isa = PBXBuildFile; fileRef = EEB550871986448300F8A614 /* PogoplugAPI.m */; };
		EEB5508F1986448300F8A614 /* PogoplugError.m in Sources */ = {isa = PBXBuildFile; fileRef = EEB550891986448300F8A614 /* PogoplugError.m */; };
		EEB550901986448300F8A614 /* PogoplugResponse.m in Sources */ = {isa = PBXBuildFile; fileRef = EEB5508B1986448300F8A614 /* PogoplugResponse.m */; };
		EEB550911986448300F8A614 /* StorageFile+Pogoplug.m in Sources */ = {isa = PBXBuildFile; fileRef = EEB5508D1986448300F8A614 /* StorageFile+Pogoplug.m */; };
		EEB550D8198649E000F8A614 /* AFHTTPRequestOperation.m in Sources */ = {isa = PBXBuildFile; fileRef = EEB55098198649E000F8A614 /* AFHTTPRequestOperation.m */; };
		EEB550D9198649E000F8A614 /* AFHTTPRequestOperationManager.m in Sources */ = {isa = PBXBuildFile; fileRef = EEB5509A198649E000F8A614 /* AFHTTPRequestOperationManager.m */; };
		EEB550DA198649E000F8A614 /* AFHTTPSessionManager.m in Sources */ = {isa = PBXBuildFile; fileRef = EEB5509C198649E000F8A614 /* AFHTTPSessionManager.m */; };
		EEB550DB198649E000F8A614 /* AFNetworkReachabilityManager.m in Sources */ = {isa = PBXBuildFile; fileRef = EEB5509F198649E000F8A614 /* AFNetworkReachabilityManager.m */; };
		EEB550DC198649E000F8A614 /* AFSecurityPolicy.m in Sources */ = {isa = PBXBuildFile; fileRef = EEB550A1198649E000F8A614 /* AFSecurityPolicy.m */; };
		EEB550DD198649E000F8A614 /* AFURLConnectionOperation.m in Sources */ = {isa = PBXBuildFile; fileRef = EEB550A3198649E000F8A614 /* AFURLConnectionOperation.m */; };
		EEB550DE198649E000F8A614 /* AFURLRequestSerialization.m in Sources */ = {isa = PBXBuildFile; fileRef = EEB550A5198649E000F8A614 /* AFURLRequestSerialization.m */; };
		EEB550DF198649E000F8A614 /* AFURLResponseSerialization.m in Sources */ = {isa = PBXBuildFile; fileRef = EEB550A7198649E000F8A614 /* AFURLResponseSerialization.m */; };
		EEB550E0198649E000F8A614 /* AFURLSessionManager.m in Sources */ = {isa = PBXBuildFile; fileRef = EEB550A9198649E000F8A614 /* AFURLSessionManager.m */; };
		EEB550E1198649E000F8A614 /* MKAnnotationView+WebCache.m in Sources */ = {isa = PBXBuildFile; fileRef = EEB550AC198649E000F8A614 /* MKAnnotationView+WebCache.m */; };
		EEB550E2198649E000F8A614 /* NSData+ImageContentType.m in Sources */ = {isa = PBXBuildFile; fileRef = EEB550AE198649E000F8A614 /* NSData+ImageContentType.m */; };
		EEB550E3198649E000F8A614 /* SDImageCache.m in Sources */ = {isa = PBXBuildFile; fileRef = EEB550B0198649E000F8A614 /* SDImageCache.m */; };
		EEB550E4198649E000F8A614 /* SDWebImageCompat.m in Sources */ = {isa = PBXBuildFile; fileRef = EEB550B2198649E000F8A614 /* SDWebImageCompat.m */; };
		EEB550E5198649E000F8A614 /* SDWebImageDecoder.m in Sources */ = {isa = PBXBuildFile; fileRef = EEB550B4198649E000F8A614 /* SDWebImageDecoder.m */; };
		EEB550E6198649E000F8A614 /* SDWebImageDownloader.m in Sources */ = {isa = PBXBuildFile; fileRef = EEB550B6198649E000F8A614 /* SDWebImageDownloader.m */; };
		EEB550E7198649E000F8A614 /* SDWebImageDownloaderOperation.m in Sources */ = {isa = PBXBuildFile; fileRef = EEB550B8198649E000F8A614 /* SDWebImageDownloaderOperation.m */; };
		EEB550E8198649E000F8A614 /* SDWebImageManager.m in Sources */ = {isa = PBXBuildFile; fileRef = EEB550BA198649E000F8A614 /* SDWebImageManager.m */; };
		EEB550E9198649E000F8A614 /* SDWebImagePrefetcher.m in Sources */ = {isa = PBXBuildFile; fileRef = EEB550BD198649E000F8A614 /* SDWebImagePrefetcher.m */; };
		EEB550EA198649E000F8A614 /* UIButton+WebCache.m in Sources */ = {isa = PBXBuildFile; fileRef = EEB550BF198649E000F8A614 /* UIButton+WebCache.m */; };
		EEB550EB198649E000F8A614 /* UIImage+GIF.m in Sources */ = {isa = PBXBuildFile; fileRef = EEB550C1198649E000F8A614 /* UIImage+GIF.m */; };
		EEB550EC198649E000F8A614 /* UIImage+MultiFormat.m in Sources */ = {isa = PBXBuildFile; fileRef = EEB550C3198649E000F8A614 /* UIImage+MultiFormat.m */; };
		EEB550ED198649E000F8A614 /* UIImage+WebP.m in Sources */ = {isa = PBXBuildFile; fileRef = EEB550C5198649E000F8A614 /* UIImage+WebP.m */; };
		EEB550EE198649E000F8A614 /* UIImageView+WebCache.m in Sources */ = {isa = PBXBuildFile; fileRef = EEB550C7198649E000F8A614 /* UIImageView+WebCache.m */; };
		EEB550EF198649E000F8A614 /* AFNetworkActivityIndicatorManager.m in Sources */ = {isa = PBXBuildFile; fileRef = EEB550CA198649E000F8A614 /* AFNetworkActivityIndicatorManager.m */; };
		EEB550F0198649E000F8A614 /* UIActivityIndicatorView+AFNetworking.m in Sources */ = {isa = PBXBuildFile; fileRef = EEB550CC198649E000F8A614 /* UIActivityIndicatorView+AFNetworking.m */; };
		EEB550F1198649E000F8A614 /* UIAlertView+AFNetworking.m in Sources */ = {isa = PBXBuildFile; fileRef = EEB550CE198649E000F8A614 /* UIAlertView+AFNetworking.m */; };
		EEB550F2198649E000F8A614 /* UIButton+AFNetworking.m in Sources */ = {isa = PBXBuildFile; fileRef = EEB550D0198649E000F8A614 /* UIButton+AFNetworking.m */; };
		EEB550F3198649E000F8A614 /* UIImageView+AFNetworking.m in Sources */ = {isa = PBXBuildFile; fileRef = EEB550D2198649E000F8A614 /* UIImageView+AFNetworking.m */; };
		EEB550F4198649E000F8A614 /* UIProgressView+AFNetworking.m in Sources */ = {isa = PBXBuildFile; fileRef = EEB550D5198649E000F8A614 /* UIProgressView+AFNetworking.m */; };
		EEB550F5198649E000F8A614 /* UIWebView+AFNetworking.m in Sources */ = {isa = PBXBuildFile; fileRef = EEB550D7198649E000F8A614 /* UIWebView+AFNetworking.m */; };
		EEB550FB198649FB00F8A614 /* AccountAPI.m in Sources */ = {isa = PBXBuildFile; fileRef = EEB550F8198649FB00F8A614 /* AccountAPI.m */; };
		EEB550FC198649FB00F8A614 /* AccountError.m in Sources */ = {isa = PBXBuildFile; fileRef = EEB550FA198649FB00F8A614 /* AccountError.m */; };
		EEB5510319864A8F00F8A614 /* Utils.m in Sources */ = {isa = PBXBuildFile; fileRef = EEB5510219864A8F00F8A614 /* Utils.m */; };
		EEB5510619864C5300F8A614 /* AccountNetwork.m in Sources */ = {isa = PBXBuildFile; fileRef = EEB5510519864C5300F8A614 /* AccountNetwork.m */; };
		EEB551091987895300F8A614 /* CoreError.m in Sources */ = {isa = PBXBuildFile; fileRef = EEB551081987895300F8A614 /* CoreError.m */; };
		EEB5510C19878AAB00F8A614 /* PogoplugNetwork.m in Sources */ = {isa = PBXBuildFile; fileRef = EEB5510B19878AAB00F8A614 /* PogoplugNetwork.m */; };
		EEB5510F19879A1E00F8A614 /* File.m in Sources */ = {isa = PBXBuildFile; fileRef = EEB5510E19879A1E00F8A614 /* File.m */; };
/* End PBXBuildFile section */

/* Begin PBXContainerItemProxy section */
		EEB5500C19862C0200F8A614 /* PBXContainerItemProxy */ = {
			isa = PBXContainerItemProxy;
			containerPortal = EEB54FD519862C0200F8A614 /* Project object */;
			proxyType = 1;
			remoteGlobalIDString = EEB54FDC19862C0200F8A614;
			remoteInfo = NewCore;
		};
/* End PBXContainerItemProxy section */

/* Begin PBXFileReference section */
		EEB54FDD19862C0200F8A614 /* NewCore.app */ = {isa = PBXFileReference; explicitFileType = wrapper.application; includeInIndex = 0; path = NewCore.app; sourceTree = BUILT_PRODUCTS_DIR; };
		EEB54FE019862C0200F8A614 /* Foundation.framework */ = {isa = PBXFileReference; lastKnownFileType = wrapper.framework; name = Foundation.framework; path = System/Library/Frameworks/Foundation.framework; sourceTree = SDKROOT; };
		EEB54FE219862C0200F8A614 /* CoreGraphics.framework */ = {isa = PBXFileReference; lastKnownFileType = wrapper.framework; name = CoreGraphics.framework; path = System/Library/Frameworks/CoreGraphics.framework; sourceTree = SDKROOT; };
		EEB54FE419862C0200F8A614 /* UIKit.framework */ = {isa = PBXFileReference; lastKnownFileType = wrapper.framework; name = UIKit.framework; path = System/Library/Frameworks/UIKit.framework; sourceTree = SDKROOT; };
		EEB54FE619862C0200F8A614 /* CoreData.framework */ = {isa = PBXFileReference; lastKnownFileType = wrapper.framework; name = CoreData.framework; path = System/Library/Frameworks/CoreData.framework; sourceTree = SDKROOT; };
		EEB54FEA19862C0200F8A614 /* NewCore-Info.plist */ = {isa = PBXFileReference; lastKnownFileType = text.plist.xml; path = "NewCore-Info.plist"; sourceTree = "<group>"; };
		EEB54FEC19862C0200F8A614 /* en */ = {isa = PBXFileReference; lastKnownFileType = text.plist.strings; name = en; path = en.lproj/InfoPlist.strings; sourceTree = "<group>"; };
		EEB54FEE19862C0200F8A614 /* main.m */ = {isa = PBXFileReference; lastKnownFileType = sourcecode.c.objc; path = main.m; sourceTree = "<group>"; };
		EEB54FF019862C0200F8A614 /* NewCore-Prefix.pch */ = {isa = PBXFileReference; lastKnownFileType = sourcecode.c.h; path = "NewCore-Prefix.pch"; sourceTree = "<group>"; };
		EEB54FF119862C0200F8A614 /* AppDelegate.h */ = {isa = PBXFileReference; lastKnownFileType = sourcecode.c.h; path = AppDelegate.h; sourceTree = "<group>"; };
		EEB54FF219862C0200F8A614 /* AppDelegate.m */ = {isa = PBXFileReference; lastKnownFileType = sourcecode.c.objc; path = AppDelegate.m; sourceTree = "<group>"; };
		EEB54FF519862C0200F8A614 /* Base */ = {isa = PBXFileReference; lastKnownFileType = file.storyboard; name = Base; path = Base.lproj/Main.storyboard; sourceTree = "<group>"; };
		EEB54FFA19862C0200F8A614 /* MasterViewController.h */ = {isa = PBXFileReference; lastKnownFileType = sourcecode.c.h; path = MasterViewController.h; sourceTree = "<group>"; };
		EEB54FFB19862C0200F8A614 /* MasterViewController.m */ = {isa = PBXFileReference; lastKnownFileType = sourcecode.c.objc; path = MasterViewController.m; sourceTree = "<group>"; };
		EEB54FFD19862C0200F8A614 /* DetailViewController.h */ = {isa = PBXFileReference; lastKnownFileType = sourcecode.c.h; path = DetailViewController.h; sourceTree = "<group>"; };
		EEB54FFE19862C0200F8A614 /* DetailViewController.m */ = {isa = PBXFileReference; lastKnownFileType = sourcecode.c.objc; path = DetailViewController.m; sourceTree = "<group>"; };
		EEB5500019862C0200F8A614 /* Images.xcassets */ = {isa = PBXFileReference; lastKnownFileType = folder.assetcatalog; path = Images.xcassets; sourceTree = "<group>"; };
		EEB5500619862C0200F8A614 /* NewCoreTests.xctest */ = {isa = PBXFileReference; explicitFileType = wrapper.cfbundle; includeInIndex = 0; path = NewCoreTests.xctest; sourceTree = BUILT_PRODUCTS_DIR; };
		EEB5500719862C0200F8A614 /* XCTest.framework */ = {isa = PBXFileReference; lastKnownFileType = wrapper.framework; name = XCTest.framework; path = Library/Frameworks/XCTest.framework; sourceTree = DEVELOPER_DIR; };
		EEB5501019862C0200F8A614 /* NewCoreTests-Info.plist */ = {isa = PBXFileReference; lastKnownFileType = text.plist.xml; path = "NewCoreTests-Info.plist"; sourceTree = "<group>"; };
		EEB5501219862C0200F8A614 /* en */ = {isa = PBXFileReference; lastKnownFileType = text.plist.strings; name = en; path = en.lproj/InfoPlist.strings; sourceTree = "<group>"; };
		EEB5501419862C0200F8A614 /* NewCoreTests.m */ = {isa = PBXFileReference; lastKnownFileType = sourcecode.c.objc; path = NewCoreTests.m; sourceTree = "<group>"; };
		EEB55023198630D200F8A614 /* Core.h */ = {isa = PBXFileReference; fileEncoding = 4; lastKnownFileType = sourcecode.c.h; path = Core.h; sourceTree = "<group>"; };
		EEB55024198630D200F8A614 /* Core.m */ = {isa = PBXFileReference; fileEncoding = 4; lastKnownFileType = sourcecode.c.objc; path = Core.m; sourceTree = "<group>"; };
		EEB5504D1986318E00F8A614 /* StorageFile.h */ = {isa = PBXFileReference; fileEncoding = 4; lastKnownFileType = sourcecode.c.h; path = StorageFile.h; sourceTree = "<group>"; };
		EEB5504E1986318E00F8A614 /* StorageFile.m */ = {isa = PBXFileReference; fileEncoding = 4; lastKnownFileType = sourcecode.c.objc; path = StorageFile.m; sourceTree = "<group>"; };
		EEB550861986448300F8A614 /* PogoplugAPI.h */ = {isa = PBXFileReference; fileEncoding = 4; lastKnownFileType = sourcecode.c.h; path = PogoplugAPI.h; sourceTree = "<group>"; };
		EEB550871986448300F8A614 /* PogoplugAPI.m */ = {isa = PBXFileReference; fileEncoding = 4; lastKnownFileType = sourcecode.c.objc; path = PogoplugAPI.m; sourceTree = "<group>"; };
		EEB550881986448300F8A614 /* PogoplugError.h */ = {isa = PBXFileReference; fileEncoding = 4; lastKnownFileType = sourcecode.c.h; path = PogoplugError.h; sourceTree = "<group>"; };
		EEB550891986448300F8A614 /* PogoplugError.m */ = {isa = PBXFileReference; fileEncoding = 4; lastKnownFileType = sourcecode.c.objc; path = PogoplugError.m; sourceTree = "<group>"; };
		EEB5508A1986448300F8A614 /* PogoplugResponse.h */ = {isa = PBXFileReference; fileEncoding = 4; lastKnownFileType = sourcecode.c.h; path = PogoplugResponse.h; sourceTree = "<group>"; };
		EEB5508B1986448300F8A614 /* PogoplugResponse.m */ = {isa = PBXFileReference; fileEncoding = 4; lastKnownFileType = sourcecode.c.objc; path = PogoplugResponse.m; sourceTree = "<group>"; };
		EEB5508C1986448300F8A614 /* StorageFile+Pogoplug.h */ = {isa = PBXFileReference; fileEncoding = 4; lastKnownFileType = sourcecode.c.h; path = "StorageFile+Pogoplug.h"; sourceTree = "<group>"; };
		EEB5508D1986448300F8A614 /* StorageFile+Pogoplug.m */ = {isa = PBXFileReference; fileEncoding = 4; lastKnownFileType = sourcecode.c.objc; path = "StorageFile+Pogoplug.m"; sourceTree = "<group>"; };
		EEB55097198649E000F8A614 /* AFHTTPRequestOperation.h */ = {isa = PBXFileReference; fileEncoding = 4; lastKnownFileType = sourcecode.c.h; path = AFHTTPRequestOperation.h; sourceTree = "<group>"; };
		EEB55098198649E000F8A614 /* AFHTTPRequestOperation.m */ = {isa = PBXFileReference; fileEncoding = 4; lastKnownFileType = sourcecode.c.objc; path = AFHTTPRequestOperation.m; sourceTree = "<group>"; };
		EEB55099198649E000F8A614 /* AFHTTPRequestOperationManager.h */ = {isa = PBXFileReference; fileEncoding = 4; lastKnownFileType = sourcecode.c.h; path = AFHTTPRequestOperationManager.h; sourceTree = "<group>"; };
		EEB5509A198649E000F8A614 /* AFHTTPRequestOperationManager.m */ = {isa = PBXFileReference; fileEncoding = 4; lastKnownFileType = sourcecode.c.objc; path = AFHTTPRequestOperationManager.m; sourceTree = "<group>"; };
		EEB5509B198649E000F8A614 /* AFHTTPSessionManager.h */ = {isa = PBXFileReference; fileEncoding = 4; lastKnownFileType = sourcecode.c.h; path = AFHTTPSessionManager.h; sourceTree = "<group>"; };
		EEB5509C198649E000F8A614 /* AFHTTPSessionManager.m */ = {isa = PBXFileReference; fileEncoding = 4; lastKnownFileType = sourcecode.c.objc; path = AFHTTPSessionManager.m; sourceTree = "<group>"; };
		EEB5509D198649E000F8A614 /* AFNetworking.h */ = {isa = PBXFileReference; fileEncoding = 4; lastKnownFileType = sourcecode.c.h; path = AFNetworking.h; sourceTree = "<group>"; };
		EEB5509E198649E000F8A614 /* AFNetworkReachabilityManager.h */ = {isa = PBXFileReference; fileEncoding = 4; lastKnownFileType = sourcecode.c.h; path = AFNetworkReachabilityManager.h; sourceTree = "<group>"; };
		EEB5509F198649E000F8A614 /* AFNetworkReachabilityManager.m */ = {isa = PBXFileReference; fileEncoding = 4; lastKnownFileType = sourcecode.c.objc; path = AFNetworkReachabilityManager.m; sourceTree = "<group>"; };
		EEB550A0198649E000F8A614 /* AFSecurityPolicy.h */ = {isa = PBXFileReference; fileEncoding = 4; lastKnownFileType = sourcecode.c.h; path = AFSecurityPolicy.h; sourceTree = "<group>"; };
		EEB550A1198649E000F8A614 /* AFSecurityPolicy.m */ = {isa = PBXFileReference; fileEncoding = 4; lastKnownFileType = sourcecode.c.objc; path = AFSecurityPolicy.m; sourceTree = "<group>"; };
		EEB550A2198649E000F8A614 /* AFURLConnectionOperation.h */ = {isa = PBXFileReference; fileEncoding = 4; lastKnownFileType = sourcecode.c.h; path = AFURLConnectionOperation.h; sourceTree = "<group>"; };
		EEB550A3198649E000F8A614 /* AFURLConnectionOperation.m */ = {isa = PBXFileReference; fileEncoding = 4; lastKnownFileType = sourcecode.c.objc; path = AFURLConnectionOperation.m; sourceTree = "<group>"; };
		EEB550A4198649E000F8A614 /* AFURLRequestSerialization.h */ = {isa = PBXFileReference; fileEncoding = 4; lastKnownFileType = sourcecode.c.h; path = AFURLRequestSerialization.h; sourceTree = "<group>"; };
		EEB550A5198649E000F8A614 /* AFURLRequestSerialization.m */ = {isa = PBXFileReference; fileEncoding = 4; lastKnownFileType = sourcecode.c.objc; path = AFURLRequestSerialization.m; sourceTree = "<group>"; };
		EEB550A6198649E000F8A614 /* AFURLResponseSerialization.h */ = {isa = PBXFileReference; fileEncoding = 4; lastKnownFileType = sourcecode.c.h; path = AFURLResponseSerialization.h; sourceTree = "<group>"; };
		EEB550A7198649E000F8A614 /* AFURLResponseSerialization.m */ = {isa = PBXFileReference; fileEncoding = 4; lastKnownFileType = sourcecode.c.objc; path = AFURLResponseSerialization.m; sourceTree = "<group>"; };
		EEB550A8198649E000F8A614 /* AFURLSessionManager.h */ = {isa = PBXFileReference; fileEncoding = 4; lastKnownFileType = sourcecode.c.h; path = AFURLSessionManager.h; sourceTree = "<group>"; };
		EEB550A9198649E000F8A614 /* AFURLSessionManager.m */ = {isa = PBXFileReference; fileEncoding = 4; lastKnownFileType = sourcecode.c.objc; path = AFURLSessionManager.m; sourceTree = "<group>"; };
		EEB550AB198649E000F8A614 /* MKAnnotationView+WebCache.h */ = {isa = PBXFileReference; fileEncoding = 4; lastKnownFileType = sourcecode.c.h; path = "MKAnnotationView+WebCache.h"; sourceTree = "<group>"; };
		EEB550AC198649E000F8A614 /* MKAnnotationView+WebCache.m */ = {isa = PBXFileReference; fileEncoding = 4; lastKnownFileType = sourcecode.c.objc; path = "MKAnnotationView+WebCache.m"; sourceTree = "<group>"; };
		EEB550AD198649E000F8A614 /* NSData+ImageContentType.h */ = {isa = PBXFileReference; fileEncoding = 4; lastKnownFileType = sourcecode.c.h; path = "NSData+ImageContentType.h"; sourceTree = "<group>"; };
		EEB550AE198649E000F8A614 /* NSData+ImageContentType.m */ = {isa = PBXFileReference; fileEncoding = 4; lastKnownFileType = sourcecode.c.objc; path = "NSData+ImageContentType.m"; sourceTree = "<group>"; };
		EEB550AF198649E000F8A614 /* SDImageCache.h */ = {isa = PBXFileReference; fileEncoding = 4; lastKnownFileType = sourcecode.c.h; path = SDImageCache.h; sourceTree = "<group>"; };
		EEB550B0198649E000F8A614 /* SDImageCache.m */ = {isa = PBXFileReference; fileEncoding = 4; lastKnownFileType = sourcecode.c.objc; path = SDImageCache.m; sourceTree = "<group>"; };
		EEB550B1198649E000F8A614 /* SDWebImageCompat.h */ = {isa = PBXFileReference; fileEncoding = 4; lastKnownFileType = sourcecode.c.h; path = SDWebImageCompat.h; sourceTree = "<group>"; };
		EEB550B2198649E000F8A614 /* SDWebImageCompat.m */ = {isa = PBXFileReference; fileEncoding = 4; lastKnownFileType = sourcecode.c.objc; path = SDWebImageCompat.m; sourceTree = "<group>"; };
		EEB550B3198649E000F8A614 /* SDWebImageDecoder.h */ = {isa = PBXFileReference; fileEncoding = 4; lastKnownFileType = sourcecode.c.h; path = SDWebImageDecoder.h; sourceTree = "<group>"; };
		EEB550B4198649E000F8A614 /* SDWebImageDecoder.m */ = {isa = PBXFileReference; fileEncoding = 4; lastKnownFileType = sourcecode.c.objc; path = SDWebImageDecoder.m; sourceTree = "<group>"; };
		EEB550B5198649E000F8A614 /* SDWebImageDownloader.h */ = {isa = PBXFileReference; fileEncoding = 4; lastKnownFileType = sourcecode.c.h; path = SDWebImageDownloader.h; sourceTree = "<group>"; };
		EEB550B6198649E000F8A614 /* SDWebImageDownloader.m */ = {isa = PBXFileReference; fileEncoding = 4; lastKnownFileType = sourcecode.c.objc; path = SDWebImageDownloader.m; sourceTree = "<group>"; };
		EEB550B7198649E000F8A614 /* SDWebImageDownloaderOperation.h */ = {isa = PBXFileReference; fileEncoding = 4; lastKnownFileType = sourcecode.c.h; path = SDWebImageDownloaderOperation.h; sourceTree = "<group>"; };
		EEB550B8198649E000F8A614 /* SDWebImageDownloaderOperation.m */ = {isa = PBXFileReference; fileEncoding = 4; lastKnownFileType = sourcecode.c.objc; path = SDWebImageDownloaderOperation.m; sourceTree = "<group>"; };
		EEB550B9198649E000F8A614 /* SDWebImageManager.h */ = {isa = PBXFileReference; fileEncoding = 4; lastKnownFileType = sourcecode.c.h; path = SDWebImageManager.h; sourceTree = "<group>"; };
		EEB550BA198649E000F8A614 /* SDWebImageManager.m */ = {isa = PBXFileReference; fileEncoding = 4; lastKnownFileType = sourcecode.c.objc; path = SDWebImageManager.m; sourceTree = "<group>"; };
		EEB550BB198649E000F8A614 /* SDWebImageOperation.h */ = {isa = PBXFileReference; fileEncoding = 4; lastKnownFileType = sourcecode.c.h; path = SDWebImageOperation.h; sourceTree = "<group>"; };
		EEB550BC198649E000F8A614 /* SDWebImagePrefetcher.h */ = {isa = PBXFileReference; fileEncoding = 4; lastKnownFileType = sourcecode.c.h; path = SDWebImagePrefetcher.h; sourceTree = "<group>"; };
		EEB550BD198649E000F8A614 /* SDWebImagePrefetcher.m */ = {isa = PBXFileReference; fileEncoding = 4; lastKnownFileType = sourcecode.c.objc; path = SDWebImagePrefetcher.m; sourceTree = "<group>"; };
		EEB550BE198649E000F8A614 /* UIButton+WebCache.h */ = {isa = PBXFileReference; fileEncoding = 4; lastKnownFileType = sourcecode.c.h; path = "UIButton+WebCache.h"; sourceTree = "<group>"; };
		EEB550BF198649E000F8A614 /* UIButton+WebCache.m */ = {isa = PBXFileReference; fileEncoding = 4; lastKnownFileType = sourcecode.c.objc; path = "UIButton+WebCache.m"; sourceTree = "<group>"; };
		EEB550C0198649E000F8A614 /* UIImage+GIF.h */ = {isa = PBXFileReference; fileEncoding = 4; lastKnownFileType = sourcecode.c.h; path = "UIImage+GIF.h"; sourceTree = "<group>"; };
		EEB550C1198649E000F8A614 /* UIImage+GIF.m */ = {isa = PBXFileReference; fileEncoding = 4; lastKnownFileType = sourcecode.c.objc; path = "UIImage+GIF.m"; sourceTree = "<group>"; };
		EEB550C2198649E000F8A614 /* UIImage+MultiFormat.h */ = {isa = PBXFileReference; fileEncoding = 4; lastKnownFileType = sourcecode.c.h; path = "UIImage+MultiFormat.h"; sourceTree = "<group>"; };
		EEB550C3198649E000F8A614 /* UIImage+MultiFormat.m */ = {isa = PBXFileReference; fileEncoding = 4; lastKnownFileType = sourcecode.c.objc; path = "UIImage+MultiFormat.m"; sourceTree = "<group>"; };
		EEB550C4198649E000F8A614 /* UIImage+WebP.h */ = {isa = PBXFileReference; fileEncoding = 4; lastKnownFileType = sourcecode.c.h; path = "UIImage+WebP.h"; sourceTree = "<group>"; };
		EEB550C5198649E000F8A614 /* UIImage+WebP.m */ = {isa = PBXFileReference; fileEncoding = 4; lastKnownFileType = sourcecode.c.objc; path = "UIImage+WebP.m"; sourceTree = "<group>"; };
		EEB550C6198649E000F8A614 /* UIImageView+WebCache.h */ = {isa = PBXFileReference; fileEncoding = 4; lastKnownFileType = sourcecode.c.h; path = "UIImageView+WebCache.h"; sourceTree = "<group>"; };
		EEB550C7198649E000F8A614 /* UIImageView+WebCache.m */ = {isa = PBXFileReference; fileEncoding = 4; lastKnownFileType = sourcecode.c.objc; path = "UIImageView+WebCache.m"; sourceTree = "<group>"; };
		EEB550C9198649E000F8A614 /* AFNetworkActivityIndicatorManager.h */ = {isa = PBXFileReference; fileEncoding = 4; lastKnownFileType = sourcecode.c.h; path = AFNetworkActivityIndicatorManager.h; sourceTree = "<group>"; };
		EEB550CA198649E000F8A614 /* AFNetworkActivityIndicatorManager.m */ = {isa = PBXFileReference; fileEncoding = 4; lastKnownFileType = sourcecode.c.objc; path = AFNetworkActivityIndicatorManager.m; sourceTree = "<group>"; };
		EEB550CB198649E000F8A614 /* UIActivityIndicatorView+AFNetworking.h */ = {isa = PBXFileReference; fileEncoding = 4; lastKnownFileType = sourcecode.c.h; path = "UIActivityIndicatorView+AFNetworking.h"; sourceTree = "<group>"; };
		EEB550CC198649E000F8A614 /* UIActivityIndicatorView+AFNetworking.m */ = {isa = PBXFileReference; fileEncoding = 4; lastKnownFileType = sourcecode.c.objc; path = "UIActivityIndicatorView+AFNetworking.m"; sourceTree = "<group>"; };
		EEB550CD198649E000F8A614 /* UIAlertView+AFNetworking.h */ = {isa = PBXFileReference; fileEncoding = 4; lastKnownFileType = sourcecode.c.h; path = "UIAlertView+AFNetworking.h"; sourceTree = "<group>"; };
		EEB550CE198649E000F8A614 /* UIAlertView+AFNetworking.m */ = {isa = PBXFileReference; fileEncoding = 4; lastKnownFileType = sourcecode.c.objc; path = "UIAlertView+AFNetworking.m"; sourceTree = "<group>"; };
		EEB550CF198649E000F8A614 /* UIButton+AFNetworking.h */ = {isa = PBXFileReference; fileEncoding = 4; lastKnownFileType = sourcecode.c.h; path = "UIButton+AFNetworking.h"; sourceTree = "<group>"; };
		EEB550D0198649E000F8A614 /* UIButton+AFNetworking.m */ = {isa = PBXFileReference; fileEncoding = 4; lastKnownFileType = sourcecode.c.objc; path = "UIButton+AFNetworking.m"; sourceTree = "<group>"; };
		EEB550D1198649E000F8A614 /* UIImageView+AFNetworking.h */ = {isa = PBXFileReference; fileEncoding = 4; lastKnownFileType = sourcecode.c.h; path = "UIImageView+AFNetworking.h"; sourceTree = "<group>"; };
		EEB550D2198649E000F8A614 /* UIImageView+AFNetworking.m */ = {isa = PBXFileReference; fileEncoding = 4; lastKnownFileType = sourcecode.c.objc; path = "UIImageView+AFNetworking.m"; sourceTree = "<group>"; };
		EEB550D3198649E000F8A614 /* UIKit+AFNetworking.h */ = {isa = PBXFileReference; fileEncoding = 4; lastKnownFileType = sourcecode.c.h; path = "UIKit+AFNetworking.h"; sourceTree = "<group>"; };
		EEB550D4198649E000F8A614 /* UIProgressView+AFNetworking.h */ = {isa = PBXFileReference; fileEncoding = 4; lastKnownFileType = sourcecode.c.h; path = "UIProgressView+AFNetworking.h"; sourceTree = "<group>"; };
		EEB550D5198649E000F8A614 /* UIProgressView+AFNetworking.m */ = {isa = PBXFileReference; fileEncoding = 4; lastKnownFileType = sourcecode.c.objc; path = "UIProgressView+AFNetworking.m"; sourceTree = "<group>"; };
		EEB550D6198649E000F8A614 /* UIWebView+AFNetworking.h */ = {isa = PBXFileReference; fileEncoding = 4; lastKnownFileType = sourcecode.c.h; path = "UIWebView+AFNetworking.h"; sourceTree = "<group>"; };
		EEB550D7198649E000F8A614 /* UIWebView+AFNetworking.m */ = {isa = PBXFileReference; fileEncoding = 4; lastKnownFileType = sourcecode.c.objc; path = "UIWebView+AFNetworking.m"; sourceTree = "<group>"; };
		EEB550F7198649FB00F8A614 /* AccountAPI.h */ = {isa = PBXFileReference; fileEncoding = 4; lastKnownFileType = sourcecode.c.h; path = AccountAPI.h; sourceTree = "<group>"; };
		EEB550F8198649FB00F8A614 /* AccountAPI.m */ = {isa = PBXFileReference; fileEncoding = 4; lastKnownFileType = sourcecode.c.objc; path = AccountAPI.m; sourceTree = "<group>"; };
		EEB550F9198649FB00F8A614 /* AccountError.h */ = {isa = PBXFileReference; fileEncoding = 4; lastKnownFileType = sourcecode.c.h; path = AccountError.h; sourceTree = "<group>"; };
		EEB550FA198649FB00F8A614 /* AccountError.m */ = {isa = PBXFileReference; fileEncoding = 4; lastKnownFileType = sourcecode.c.objc; path = AccountError.m; sourceTree = "<group>"; };
		EEB5510119864A8F00F8A614 /* Utils.h */ = {isa = PBXFileReference; fileEncoding = 4; lastKnownFileType = sourcecode.c.h; path = Utils.h; sourceTree = "<group>"; };
		EEB5510219864A8F00F8A614 /* Utils.m */ = {isa = PBXFileReference; fileEncoding = 4; lastKnownFileType = sourcecode.c.objc; path = Utils.m; sourceTree = "<group>"; };
		EEB5510419864C5200F8A614 /* AccountNetwork.h */ = {isa = PBXFileReference; fileEncoding = 4; lastKnownFileType = sourcecode.c.h; path = AccountNetwork.h; sourceTree = "<group>"; };
		EEB5510519864C5300F8A614 /* AccountNetwork.m */ = {isa = PBXFileReference; fileEncoding = 4; lastKnownFileType = sourcecode.c.objc; path = AccountNetwork.m; sourceTree = "<group>"; };
		EEB551071987895300F8A614 /* CoreError.h */ = {isa = PBXFileReference; fileEncoding = 4; lastKnownFileType = sourcecode.c.h; path = CoreError.h; sourceTree = "<group>"; };
		EEB551081987895300F8A614 /* CoreError.m */ = {isa = PBXFileReference; fileEncoding = 4; lastKnownFileType = sourcecode.c.objc; path = CoreError.m; sourceTree = "<group>"; };
		EEB5510A19878AAB00F8A614 /* PogoplugNetwork.h */ = {isa = PBXFileReference; fileEncoding = 4; lastKnownFileType = sourcecode.c.h; path = PogoplugNetwork.h; sourceTree = "<group>"; };
		EEB5510B19878AAB00F8A614 /* PogoplugNetwork.m */ = {isa = PBXFileReference; fileEncoding = 4; lastKnownFileType = sourcecode.c.objc; path = PogoplugNetwork.m; sourceTree = "<group>"; };
		EEB5510D19879A1E00F8A614 /* File.h */ = {isa = PBXFileReference; fileEncoding = 4; lastKnownFileType = sourcecode.c.h; path = File.h; sourceTree = "<group>"; };
		EEB5510E19879A1E00F8A614 /* File.m */ = {isa = PBXFileReference; fileEncoding = 4; lastKnownFileType = sourcecode.c.objc; path = File.m; sourceTree = "<group>"; };
/* End PBXFileReference section */

/* Begin PBXFrameworksBuildPhase section */
		EEB54FDA19862C0200F8A614 /* Frameworks */ = {
			isa = PBXFrameworksBuildPhase;
			buildActionMask = 2147483647;
			files = (
				EEB54FE319862C0200F8A614 /* CoreGraphics.framework in Frameworks */,
				EEB54FE719862C0200F8A614 /* CoreData.framework in Frameworks */,
				EEB54FE519862C0200F8A614 /* UIKit.framework in Frameworks */,
				EEB54FE119862C0200F8A614 /* Foundation.framework in Frameworks */,
			);
			runOnlyForDeploymentPostprocessing = 0;
		};
		EEB5500319862C0200F8A614 /* Frameworks */ = {
			isa = PBXFrameworksBuildPhase;
			buildActionMask = 2147483647;
			files = (
				EEB5500819862C0200F8A614 /* XCTest.framework in Frameworks */,
				EEB5500B19862C0200F8A614 /* CoreData.framework in Frameworks */,
				EEB5500A19862C0200F8A614 /* UIKit.framework in Frameworks */,
				EEB5500919862C0200F8A614 /* Foundation.framework in Frameworks */,
			);
			runOnlyForDeploymentPostprocessing = 0;
		};
/* End PBXFrameworksBuildPhase section */

/* Begin PBXGroup section */
		EEB54FD419862C0200F8A614 = {
			isa = PBXGroup;
			children = (
				EEB5501E198630AB00F8A614 /* Core */,
				EEB54FE819862C0200F8A614 /* NewCore */,
				EEB5500E19862C0200F8A614 /* NewCoreTests */,
				EEB54FDF19862C0200F8A614 /* Frameworks */,
				EEB54FDE19862C0200F8A614 /* Products */,
			);
			sourceTree = "<group>";
		};
		EEB54FDE19862C0200F8A614 /* Products */ = {
			isa = PBXGroup;
			children = (
				EEB54FDD19862C0200F8A614 /* NewCore.app */,
				EEB5500619862C0200F8A614 /* NewCoreTests.xctest */,
			);
			name = Products;
			sourceTree = "<group>";
		};
		EEB54FDF19862C0200F8A614 /* Frameworks */ = {
			isa = PBXGroup;
			children = (
				EEB54FE019862C0200F8A614 /* Foundation.framework */,
				EEB54FE219862C0200F8A614 /* CoreGraphics.framework */,
				EEB54FE419862C0200F8A614 /* UIKit.framework */,
				EEB54FE619862C0200F8A614 /* CoreData.framework */,
				EEB5500719862C0200F8A614 /* XCTest.framework */,
			);
			name = Frameworks;
			sourceTree = "<group>";
		};
		EEB54FE819862C0200F8A614 /* NewCore */ = {
			isa = PBXGroup;
			children = (
				EEB54FF119862C0200F8A614 /* AppDelegate.h */,
				EEB54FF219862C0200F8A614 /* AppDelegate.m */,
				EEB54FF419862C0200F8A614 /* Main.storyboard */,
				EEB54FFA19862C0200F8A614 /* MasterViewController.h */,
				EEB54FFB19862C0200F8A614 /* MasterViewController.m */,
				EEB54FFD19862C0200F8A614 /* DetailViewController.h */,
				EEB54FFE19862C0200F8A614 /* DetailViewController.m */,
				EEB5500019862C0200F8A614 /* Images.xcassets */,
				EEB54FE919862C0200F8A614 /* Supporting Files */,
			);
			path = NewCore;
			sourceTree = "<group>";
		};
		EEB54FE919862C0200F8A614 /* Supporting Files */ = {
			isa = PBXGroup;
			children = (
				EEB54FEA19862C0200F8A614 /* NewCore-Info.plist */,
				EEB54FEB19862C0200F8A614 /* InfoPlist.strings */,
				EEB54FEE19862C0200F8A614 /* main.m */,
				EEB54FF019862C0200F8A614 /* NewCore-Prefix.pch */,
			);
			name = "Supporting Files";
			sourceTree = "<group>";
		};
		EEB5500E19862C0200F8A614 /* NewCoreTests */ = {
			isa = PBXGroup;
			children = (
				EEB5501419862C0200F8A614 /* NewCoreTests.m */,
				EEB5500F19862C0200F8A614 /* Supporting Files */,
			);
			path = NewCoreTests;
			sourceTree = "<group>";
		};
		EEB5500F19862C0200F8A614 /* Supporting Files */ = {
			isa = PBXGroup;
			children = (
				EEB5501019862C0200F8A614 /* NewCoreTests-Info.plist */,
				EEB5501119862C0200F8A614 /* InfoPlist.strings */,
			);
			name = "Supporting Files";
			sourceTree = "<group>";
		};
		EEB5501E198630AB00F8A614 /* Core */ = {
			isa = PBXGroup;
			children = (
				EEB55023198630D200F8A614 /* Core.h */,
				EEB55024198630D200F8A614 /* Core.m */,
				EEB551071987895300F8A614 /* CoreError.h */,
				EEB551081987895300F8A614 /* CoreError.m */,
				EEB5504D1986318E00F8A614 /* StorageFile.h */,
				EEB5504E1986318E00F8A614 /* StorageFile.m */,
				EEB5510D19879A1E00F8A614 /* File.h */,
				EEB5510E19879A1E00F8A614 /* File.m */,
				EEB550371986314C00F8A614 /* API */,
				EEB55095198649E000F8A614 /* References */,
			);
			path = Core;
			sourceTree = "<group>";
		};
		EEB550371986314C00F8A614 /* API */ = {
			isa = PBXGroup;
			children = (
				EEB550F6198649FB00F8A614 /* Account */,
				EEB550851986448300F8A614 /* Pogoplug */,
			);
			path = API;
			sourceTree = "<group>";
		};
		EEB550851986448300F8A614 /* Pogoplug */ = {
			isa = PBXGroup;
			children = (
				EEB550861986448300F8A614 /* PogoplugAPI.h */,
				EEB550871986448300F8A614 /* PogoplugAPI.m */,
				EEB550881986448300F8A614 /* PogoplugError.h */,
				EEB550891986448300F8A614 /* PogoplugError.m */,
				EEB5510A19878AAB00F8A614 /* PogoplugNetwork.h */,
				EEB5510B19878AAB00F8A614 /* PogoplugNetwork.m */,
				EEB5508A1986448300F8A614 /* PogoplugResponse.h */,
				EEB5508B1986448300F8A614 /* PogoplugResponse.m */,
				EEB5508C1986448300F8A614 /* StorageFile+Pogoplug.h */,
				EEB5508D1986448300F8A614 /* StorageFile+Pogoplug.m */,
			);
			path = Pogoplug;
			sourceTree = "<group>";
		};
		EEB55095198649E000F8A614 /* References */ = {
			isa = PBXGroup;
			children = (
				EEB5510119864A8F00F8A614 /* Utils.h */,
				EEB5510219864A8F00F8A614 /* Utils.m */,
				EEB550AA198649E000F8A614 /* SDWebImage */,
				EEB55096198649E000F8A614 /* AFNetworking */,
				EEB550C8198649E000F8A614 /* UIKit+AFNetworking */,
			);
			path = References;
			sourceTree = "<group>";
		};
		EEB55096198649E000F8A614 /* AFNetworking */ = {
			isa = PBXGroup;
			children = (
				EEB55097198649E000F8A614 /* AFHTTPRequestOperation.h */,
				EEB55098198649E000F8A614 /* AFHTTPRequestOperation.m */,
				EEB55099198649E000F8A614 /* AFHTTPRequestOperationManager.h */,
				EEB5509A198649E000F8A614 /* AFHTTPRequestOperationManager.m */,
				EEB5509B198649E000F8A614 /* AFHTTPSessionManager.h */,
				EEB5509C198649E000F8A614 /* AFHTTPSessionManager.m */,
				EEB5509D198649E000F8A614 /* AFNetworking.h */,
				EEB5509E198649E000F8A614 /* AFNetworkReachabilityManager.h */,
				EEB5509F198649E000F8A614 /* AFNetworkReachabilityManager.m */,
				EEB550A0198649E000F8A614 /* AFSecurityPolicy.h */,
				EEB550A1198649E000F8A614 /* AFSecurityPolicy.m */,
				EEB550A2198649E000F8A614 /* AFURLConnectionOperation.h */,
				EEB550A3198649E000F8A614 /* AFURLConnectionOperation.m */,
				EEB550A4198649E000F8A614 /* AFURLRequestSerialization.h */,
				EEB550A5198649E000F8A614 /* AFURLRequestSerialization.m */,
				EEB550A6198649E000F8A614 /* AFURLResponseSerialization.h */,
				EEB550A7198649E000F8A614 /* AFURLResponseSerialization.m */,
				EEB550A8198649E000F8A614 /* AFURLSessionManager.h */,
				EEB550A9198649E000F8A614 /* AFURLSessionManager.m */,
			);
			path = AFNetworking;
			sourceTree = "<group>";
		};
		EEB550AA198649E000F8A614 /* SDWebImage */ = {
			isa = PBXGroup;
			children = (
				EEB550AB198649E000F8A614 /* MKAnnotationView+WebCache.h */,
				EEB550AC198649E000F8A614 /* MKAnnotationView+WebCache.m */,
				EEB550AD198649E000F8A614 /* NSData+ImageContentType.h */,
				EEB550AE198649E000F8A614 /* NSData+ImageContentType.m */,
				EEB550AF198649E000F8A614 /* SDImageCache.h */,
				EEB550B0198649E000F8A614 /* SDImageCache.m */,
				EEB550B1198649E000F8A614 /* SDWebImageCompat.h */,
				EEB550B2198649E000F8A614 /* SDWebImageCompat.m */,
				EEB550B3198649E000F8A614 /* SDWebImageDecoder.h */,
				EEB550B4198649E000F8A614 /* SDWebImageDecoder.m */,
				EEB550B5198649E000F8A614 /* SDWebImageDownloader.h */,
				EEB550B6198649E000F8A614 /* SDWebImageDownloader.m */,
				EEB550B7198649E000F8A614 /* SDWebImageDownloaderOperation.h */,
				EEB550B8198649E000F8A614 /* SDWebImageDownloaderOperation.m */,
				EEB550B9198649E000F8A614 /* SDWebImageManager.h */,
				EEB550BA198649E000F8A614 /* SDWebImageManager.m */,
				EEB550BB198649E000F8A614 /* SDWebImageOperation.h */,
				EEB550BC198649E000F8A614 /* SDWebImagePrefetcher.h */,
				EEB550BD198649E000F8A614 /* SDWebImagePrefetcher.m */,
				EEB550BE198649E000F8A614 /* UIButton+WebCache.h */,
				EEB550BF198649E000F8A614 /* UIButton+WebCache.m */,
				EEB550C0198649E000F8A614 /* UIImage+GIF.h */,
				EEB550C1198649E000F8A614 /* UIImage+GIF.m */,
				EEB550C2198649E000F8A614 /* UIImage+MultiFormat.h */,
				EEB550C3198649E000F8A614 /* UIImage+MultiFormat.m */,
				EEB550C4198649E000F8A614 /* UIImage+WebP.h */,
				EEB550C5198649E000F8A614 /* UIImage+WebP.m */,
				EEB550C6198649E000F8A614 /* UIImageView+WebCache.h */,
				EEB550C7198649E000F8A614 /* UIImageView+WebCache.m */,
			);
			path = SDWebImage;
			sourceTree = "<group>";
		};
		EEB550C8198649E000F8A614 /* UIKit+AFNetworking */ = {
			isa = PBXGroup;
			children = (
				EEB550C9198649E000F8A614 /* AFNetworkActivityIndicatorManager.h */,
				EEB550CA198649E000F8A614 /* AFNetworkActivityIndicatorManager.m */,
				EEB550CB198649E000F8A614 /* UIActivityIndicatorView+AFNetworking.h */,
				EEB550CC198649E000F8A614 /* UIActivityIndicatorView+AFNetworking.m */,
				EEB550CD198649E000F8A614 /* UIAlertView+AFNetworking.h */,
				EEB550CE198649E000F8A614 /* UIAlertView+AFNetworking.m */,
				EEB550CF198649E000F8A614 /* UIButton+AFNetworking.h */,
				EEB550D0198649E000F8A614 /* UIButton+AFNetworking.m */,
				EEB550D1198649E000F8A614 /* UIImageView+AFNetworking.h */,
				EEB550D2198649E000F8A614 /* UIImageView+AFNetworking.m */,
				EEB550D3198649E000F8A614 /* UIKit+AFNetworking.h */,
				EEB550D4198649E000F8A614 /* UIProgressView+AFNetworking.h */,
				EEB550D5198649E000F8A614 /* UIProgressView+AFNetworking.m */,
				EEB550D6198649E000F8A614 /* UIWebView+AFNetworking.h */,
				EEB550D7198649E000F8A614 /* UIWebView+AFNetworking.m */,
			);
			path = "UIKit+AFNetworking";
			sourceTree = "<group>";
		};
		EEB550F6198649FB00F8A614 /* Account */ = {
			isa = PBXGroup;
			children = (
				EEB550F7198649FB00F8A614 /* AccountAPI.h */,
				EEB550F8198649FB00F8A614 /* AccountAPI.m */,
				EEB550F9198649FB00F8A614 /* AccountError.h */,
				EEB550FA198649FB00F8A614 /* AccountError.m */,
				EEB5510419864C5200F8A614 /* AccountNetwork.h */,
				EEB5510519864C5300F8A614 /* AccountNetwork.m */,
			);
			path = Account;
			sourceTree = "<group>";
		};
/* End PBXGroup section */

/* Begin PBXNativeTarget section */
		EEB54FDC19862C0200F8A614 /* NewCore */ = {
			isa = PBXNativeTarget;
			buildConfigurationList = EEB5501819862C0200F8A614 /* Build configuration list for PBXNativeTarget "NewCore" */;
			buildPhases = (
				EEB54FD919862C0200F8A614 /* Sources */,
				EEB54FDA19862C0200F8A614 /* Frameworks */,
				EEB54FDB19862C0200F8A614 /* Resources */,
			);
			buildRules = (
			);
			dependencies = (
			);
			name = NewCore;
			productName = NewCore;
			productReference = EEB54FDD19862C0200F8A614 /* NewCore.app */;
			productType = "com.apple.product-type.application";
		};
		EEB5500519862C0200F8A614 /* NewCoreTests */ = {
			isa = PBXNativeTarget;
			buildConfigurationList = EEB5501B19862C0200F8A614 /* Build configuration list for PBXNativeTarget "NewCoreTests" */;
			buildPhases = (
				EEB5500219862C0200F8A614 /* Sources */,
				EEB5500319862C0200F8A614 /* Frameworks */,
				EEB5500419862C0200F8A614 /* Resources */,
			);
			buildRules = (
			);
			dependencies = (
				EEB5500D19862C0200F8A614 /* PBXTargetDependency */,
			);
			name = NewCoreTests;
			productName = NewCoreTests;
			productReference = EEB5500619862C0200F8A614 /* NewCoreTests.xctest */;
			productType = "com.apple.product-type.bundle.unit-test";
		};
/* End PBXNativeTarget section */

/* Begin PBXProject section */
		EEB54FD519862C0200F8A614 /* Project object */ = {
			isa = PBXProject;
			attributes = {
				LastUpgradeCheck = 0510;
				ORGANIZATIONNAME = nero;
				TargetAttributes = {
					EEB5500519862C0200F8A614 = {
						TestTargetID = EEB54FDC19862C0200F8A614;
					};
				};
			};
			buildConfigurationList = EEB54FD819862C0200F8A614 /* Build configuration list for PBXProject "NewCore" */;
			compatibilityVersion = "Xcode 3.2";
			developmentRegion = English;
			hasScannedForEncodings = 0;
			knownRegions = (
				en,
				Base,
			);
			mainGroup = EEB54FD419862C0200F8A614;
			productRefGroup = EEB54FDE19862C0200F8A614 /* Products */;
			projectDirPath = "";
			projectRoot = "";
			targets = (
				EEB54FDC19862C0200F8A614 /* NewCore */,
				EEB5500519862C0200F8A614 /* NewCoreTests */,
			);
		};
/* End PBXProject section */

/* Begin PBXResourcesBuildPhase section */
		EEB54FDB19862C0200F8A614 /* Resources */ = {
			isa = PBXResourcesBuildPhase;
			buildActionMask = 2147483647;
			files = (
				EEB5500119862C0200F8A614 /* Images.xcassets in Resources */,
				EEB54FED19862C0200F8A614 /* InfoPlist.strings in Resources */,
				EEB54FF619862C0200F8A614 /* Main.storyboard in Resources */,
			);
			runOnlyForDeploymentPostprocessing = 0;
		};
		EEB5500419862C0200F8A614 /* Resources */ = {
			isa = PBXResourcesBuildPhase;
			buildActionMask = 2147483647;
			files = (
				EEB5501319862C0200F8A614 /* InfoPlist.strings in Resources */,
			);
			runOnlyForDeploymentPostprocessing = 0;
		};
/* End PBXResourcesBuildPhase section */

/* Begin PBXSourcesBuildPhase section */
		EEB54FD919862C0200F8A614 /* Sources */ = {
			isa = PBXSourcesBuildPhase;
			buildActionMask = 2147483647;
			files = (
				EEB550FB198649FB00F8A614 /* AccountAPI.m in Sources */,
				EEB550EB198649E000F8A614 /* UIImage+GIF.m in Sources */,
				EEB54FFF19862C0200F8A614 /* DetailViewController.m in Sources */,
				EEB550D9198649E000F8A614 /* AFHTTPRequestOperationManager.m in Sources */,
				EEB54FFC19862C0200F8A614 /* MasterViewController.m in Sources */,
				EEB550DD198649E000F8A614 /* AFURLConnectionOperation.m in Sources */,
				EEB550F5198649E000F8A614 /* UIWebView+AFNetworking.m in Sources */,
				EEB551091987895300F8A614 /* CoreError.m in Sources */,
				EEB550F2198649E000F8A614 /* UIButton+AFNetworking.m in Sources */,
				EEB550EA198649E000F8A614 /* UIButton+WebCache.m in Sources */,
				EEB5508F1986448300F8A614 /* PogoplugError.m in Sources */,
				EEB550F0198649E000F8A614 /* UIActivityIndicatorView+AFNetworking.m in Sources */,
				EEB550EC198649E000F8A614 /* UIImage+MultiFormat.m in Sources */,
				EEB5508E1986448300F8A614 /* PogoplugAPI.m in Sources */,
				EEB550E5198649E000F8A614 /* SDWebImageDecoder.m in Sources */,
				EEB550DE198649E000F8A614 /* AFURLRequestSerialization.m in Sources */,
				EEB550901986448300F8A614 /* PogoplugResponse.m in Sources */,
				EEB550DA198649E000F8A614 /* AFHTTPSessionManager.m in Sources */,
				EEB550F1198649E000F8A614 /* UIAlertView+AFNetworking.m in Sources */,
				EEB5510319864A8F00F8A614 /* Utils.m in Sources */,
				EEB550EE198649E000F8A614 /* UIImageView+WebCache.m in Sources */,
				EEB550E2198649E000F8A614 /* NSData+ImageContentType.m in Sources */,
				EEB5510F19879A1E00F8A614 /* File.m in Sources */,
				EEB550E6198649E000F8A614 /* SDWebImageDownloader.m in Sources */,
				EEB5510619864C5300F8A614 /* AccountNetwork.m in Sources */,
				EEB550FC198649FB00F8A614 /* AccountError.m in Sources */,
				EEB550D8198649E000F8A614 /* AFHTTPRequestOperation.m in Sources */,
				EEB550DC198649E000F8A614 /* AFSecurityPolicy.m in Sources */,
				EEB55031198630D200F8A614 /* Core.m in Sources */,
				EEB550DB198649E000F8A614 /* AFNetworkReachabilityManager.m in Sources */,
				EEB550E0198649E000F8A614 /* AFURLSessionManager.m in Sources */,
				EEB550F3198649E000F8A614 /* UIImageView+AFNetworking.m in Sources */,
				EEB550E4198649E000F8A614 /* SDWebImageCompat.m in Sources */,
				EEB550F4198649E000F8A614 /* UIProgressView+AFNetworking.m in Sources */,
				EEB550E1198649E000F8A614 /* MKAnnotationView+WebCache.m in Sources */,
				EEB5504F1986318E00F8A614 /* StorageFile.m in Sources */,
				EEB54FF319862C0200F8A614 /* AppDelegate.m in Sources */,
				EEB550E9198649E000F8A614 /* SDWebImagePrefetcher.m in Sources */,
				EEB54FEF19862C0200F8A614 /* main.m in Sources */,
				EEB550E7198649E000F8A614 /* SDWebImageDownloaderOperation.m in Sources */,
				EEB550DF198649E000F8A614 /* AFURLResponseSerialization.m in Sources */,
				EEB550E8198649E000F8A614 /* SDWebImageManager.m in Sources */,
				EEB5510C19878AAB00F8A614 /* PogoplugNetwork.m in Sources */,
				EEB550EF198649E000F8A614 /* AFNetworkActivityIndicatorManager.m in Sources */,
				EEB550ED198649E000F8A614 /* UIImage+WebP.m in Sources */,
				EEB550911986448300F8A614 /* StorageFile+Pogoplug.m in Sources */,
				EEB550E3198649E000F8A614 /* SDImageCache.m in Sources */,
			);
			runOnlyForDeploymentPostprocessing = 0;
		};
		EEB5500219862C0200F8A614 /* Sources */ = {
			isa = PBXSourcesBuildPhase;
			buildActionMask = 2147483647;
			files = (
				EEB5501519862C0200F8A614 /* NewCoreTests.m in Sources */,
			);
			runOnlyForDeploymentPostprocessing = 0;
		};
/* End PBXSourcesBuildPhase section */

/* Begin PBXTargetDependency section */
		EEB5500D19862C0200F8A614 /* PBXTargetDependency */ = {
			isa = PBXTargetDependency;
			target = EEB54FDC19862C0200F8A614 /* NewCore */;
			targetProxy = EEB5500C19862C0200F8A614 /* PBXContainerItemProxy */;
		};
/* End PBXTargetDependency section */

/* Begin PBXVariantGroup section */
		EEB54FEB19862C0200F8A614 /* InfoPlist.strings */ = {
			isa = PBXVariantGroup;
			children = (
				EEB54FEC19862C0200F8A614 /* en */,
			);
			name = InfoPlist.strings;
			sourceTree = "<group>";
		};
		EEB54FF419862C0200F8A614 /* Main.storyboard */ = {
			isa = PBXVariantGroup;
			children = (
				EEB54FF519862C0200F8A614 /* Base */,
			);
			name = Main.storyboard;
			sourceTree = "<group>";
		};
		EEB5501119862C0200F8A614 /* InfoPlist.strings */ = {
			isa = PBXVariantGroup;
			children = (
				EEB5501219862C0200F8A614 /* en */,
			);
			name = InfoPlist.strings;
			sourceTree = "<group>";
		};
/* End PBXVariantGroup section */

/* Begin XCBuildConfiguration section */
		EEB5501619862C0200F8A614 /* Debug */ = {
			isa = XCBuildConfiguration;
			buildSettings = {
				ALWAYS_SEARCH_USER_PATHS = NO;
				CLANG_CXX_LANGUAGE_STANDARD = "gnu++0x";
				CLANG_CXX_LIBRARY = "libc++";
				CLANG_ENABLE_MODULES = YES;
				CLANG_ENABLE_OBJC_ARC = YES;
				CLANG_WARN_BOOL_CONVERSION = YES;
				CLANG_WARN_CONSTANT_CONVERSION = YES;
				CLANG_WARN_DIRECT_OBJC_ISA_USAGE = YES_ERROR;
				CLANG_WARN_EMPTY_BODY = YES;
				CLANG_WARN_ENUM_CONVERSION = YES;
				CLANG_WARN_INT_CONVERSION = YES;
				CLANG_WARN_OBJC_ROOT_CLASS = YES_ERROR;
				CLANG_WARN__DUPLICATE_METHOD_MATCH = YES;
				"CODE_SIGN_IDENTITY[sdk=iphoneos*]" = "iPhone Developer";
				COPY_PHASE_STRIP = NO;
				GCC_C_LANGUAGE_STANDARD = gnu99;
				GCC_DYNAMIC_NO_PIC = NO;
				GCC_OPTIMIZATION_LEVEL = 0;
				GCC_PREPROCESSOR_DEFINITIONS = (
					"DEBUG=1",
					"$(inherited)",
				);
				GCC_SYMBOLS_PRIVATE_EXTERN = NO;
				GCC_WARN_64_TO_32_BIT_CONVERSION = YES;
				GCC_WARN_ABOUT_RETURN_TYPE = YES_ERROR;
				GCC_WARN_UNDECLARED_SELECTOR = YES;
				GCC_WARN_UNINITIALIZED_AUTOS = YES_AGGRESSIVE;
				GCC_WARN_UNUSED_FUNCTION = YES;
				GCC_WARN_UNUSED_VARIABLE = YES;
				IPHONEOS_DEPLOYMENT_TARGET = 7.1;
				ONLY_ACTIVE_ARCH = YES;
				SDKROOT = iphoneos;
			};
			name = Debug;
		};
		EEB5501719862C0200F8A614 /* Release */ = {
			isa = XCBuildConfiguration;
			buildSettings = {
				ALWAYS_SEARCH_USER_PATHS = NO;
				CLANG_CXX_LANGUAGE_STANDARD = "gnu++0x";
				CLANG_CXX_LIBRARY = "libc++";
				CLANG_ENABLE_MODULES = YES;
				CLANG_ENABLE_OBJC_ARC = YES;
				CLANG_WARN_BOOL_CONVERSION = YES;
				CLANG_WARN_CONSTANT_CONVERSION = YES;
				CLANG_WARN_DIRECT_OBJC_ISA_USAGE = YES_ERROR;
				CLANG_WARN_EMPTY_BODY = YES;
				CLANG_WARN_ENUM_CONVERSION = YES;
				CLANG_WARN_INT_CONVERSION = YES;
				CLANG_WARN_OBJC_ROOT_CLASS = YES_ERROR;
				CLANG_WARN__DUPLICATE_METHOD_MATCH = YES;
				"CODE_SIGN_IDENTITY[sdk=iphoneos*]" = "iPhone Developer";
				COPY_PHASE_STRIP = YES;
				ENABLE_NS_ASSERTIONS = NO;
				GCC_C_LANGUAGE_STANDARD = gnu99;
				GCC_WARN_64_TO_32_BIT_CONVERSION = YES;
				GCC_WARN_ABOUT_RETURN_TYPE = YES_ERROR;
				GCC_WARN_UNDECLARED_SELECTOR = YES;
				GCC_WARN_UNINITIALIZED_AUTOS = YES_AGGRESSIVE;
				GCC_WARN_UNUSED_FUNCTION = YES;
				GCC_WARN_UNUSED_VARIABLE = YES;
				IPHONEOS_DEPLOYMENT_TARGET = 7.1;
				SDKROOT = iphoneos;
				VALIDATE_PRODUCT = YES;
			};
			name = Release;
		};
		EEB5501919862C0200F8A614 /* Debug */ = {
			isa = XCBuildConfiguration;
			buildSettings = {
				ASSETCATALOG_COMPILER_APPICON_NAME = AppIcon;
				ASSETCATALOG_COMPILER_LAUNCHIMAGE_NAME = LaunchImage;
				GCC_PRECOMPILE_PREFIX_HEADER = YES;
				GCC_PREFIX_HEADER = "NewCore/NewCore-Prefix.pch";
				INFOPLIST_FILE = "NewCore/NewCore-Info.plist";
				PRODUCT_NAME = "$(TARGET_NAME)";
				WRAPPER_EXTENSION = app;
			};
			name = Debug;
		};
		EEB5501A19862C0200F8A614 /* Release */ = {
			isa = XCBuildConfiguration;
			buildSettings = {
				ASSETCATALOG_COMPILER_APPICON_NAME = AppIcon;
				ASSETCATALOG_COMPILER_LAUNCHIMAGE_NAME = LaunchImage;
				GCC_PRECOMPILE_PREFIX_HEADER = YES;
				GCC_PREFIX_HEADER = "NewCore/NewCore-Prefix.pch";
				INFOPLIST_FILE = "NewCore/NewCore-Info.plist";
				PRODUCT_NAME = "$(TARGET_NAME)";
				WRAPPER_EXTENSION = app;
			};
			name = Release;
		};
		EEB5501C19862C0200F8A614 /* Debug */ = {
			isa = XCBuildConfiguration;
			buildSettings = {
				BUNDLE_LOADER = "$(BUILT_PRODUCTS_DIR)/NewCore.app/NewCore";
				FRAMEWORK_SEARCH_PATHS = (
					"$(SDKROOT)/Developer/Library/Frameworks",
					"$(inherited)",
					"$(DEVELOPER_FRAMEWORKS_DIR)",
				);
				GCC_PRECOMPILE_PREFIX_HEADER = YES;
				GCC_PREFIX_HEADER = "NewCore/NewCore-Prefix.pch";
				GCC_PREPROCESSOR_DEFINITIONS = (
					"DEBUG=1",
					"$(inherited)",
				);
				INFOPLIST_FILE = "NewCoreTests/NewCoreTests-Info.plist";
				PRODUCT_NAME = "$(TARGET_NAME)";
				TEST_HOST = "$(BUNDLE_LOADER)";
				WRAPPER_EXTENSION = xctest;
			};
			name = Debug;
		};
		EEB5501D19862C0200F8A614 /* Release */ = {
			isa = XCBuildConfiguration;
			buildSettings = {
				BUNDLE_LOADER = "$(BUILT_PRODUCTS_DIR)/NewCore.app/NewCore";
				FRAMEWORK_SEARCH_PATHS = (
					"$(SDKROOT)/Developer/Library/Frameworks",
					"$(inherited)",
					"$(DEVELOPER_FRAMEWORKS_DIR)",
				);
				GCC_PRECOMPILE_PREFIX_HEADER = YES;
				GCC_PREFIX_HEADER = "NewCore/NewCore-Prefix.pch";
				INFOPLIST_FILE = "NewCoreTests/NewCoreTests-Info.plist";
				PRODUCT_NAME = "$(TARGET_NAME)";
				TEST_HOST = "$(BUNDLE_LOADER)";
				WRAPPER_EXTENSION = xctest;
			};
			name = Release;
		};
/* End XCBuildConfiguration section */

/* Begin XCConfigurationList section */
		EEB54FD819862C0200F8A614 /* Build configuration list for PBXProject "NewCore" */ = {
			isa = XCConfigurationList;
			buildConfigurations = (
				EEB5501619862C0200F8A614 /* Debug */,
				EEB5501719862C0200F8A614 /* Release */,
			);
			defaultConfigurationIsVisible = 0;
			defaultConfigurationName = Release;
		};
		EEB5501819862C0200F8A614 /* Build configuration list for PBXNativeTarget "NewCore" */ = {
			isa = XCConfigurationList;
			buildConfigurations = (
				EEB5501919862C0200F8A614 /* Debug */,
				EEB5501A19862C0200F8A614 /* Release */,
			);
			defaultConfigurationIsVisible = 0;
			defaultConfigurationName = Release;
		};
		EEB5501B19862C0200F8A614 /* Build configuration list for PBXNativeTarget "NewCoreTests" */ = {
			isa = XCConfigurationList;
			buildConfigurations = (
				EEB5501C19862C0200F8A614 /* Debug */,
				EEB5501D19862C0200F8A614 /* Release */,
			);
			defaultConfigurationIsVisible = 0;
			defaultConfigurationName = Release;
		};
/* End XCConfigurationList section */
	};
	rootObject = EEB54FD519862C0200F8A614 /* Project object */;
}
